#MicroXplorer Configuration settings - do not modify
ADC1.Channel-0\#ChannelRegularConversion=ADC_CHANNEL_1
ADC1.IPParameters=Rank-0\#ChannelRegularConversion,Channel-0\#ChannelRegularConversion,SamplingTime-0\#ChannelRegularConversion,OffsetNumber-0\#ChannelRegularConversion,NbrOfConversionFlag,master
ADC1.NbrOfConversionFlag=1
ADC1.OffsetNumber-0\#ChannelRegularConversion=ADC_OFFSET_NONE
ADC1.Rank-0\#ChannelRegularConversion=1
ADC1.SamplingTime-0\#ChannelRegularConversion=ADC_SAMPLETIME_1CYCLE_5
ADC1.master=1
CAD.formats=
CAD.pinconfig=
CAD.provider=
CortexM4.IPs=BDMA,DMA,FATFS_M4\:I,FREERTOS_M4\:I,IWDG2\:I,MDMA,NVIC2\:I,RCC,USB_DEVICE_M4\:I,USB_HOST_M4\:I,WWDG2\:I,ADC1\:I,DCMI\:I,TIM3\:I,DEBUG,PDM2PCM_M4\:I,PWR,RESMGR_UTILITY,SYS_M4\:I,CORTEX_M4\:I,OPENAMP_M4\:I,VREFBUF,GPIO
CortexM7.IPs=BDMA\:I,DMA\:I,FATFS_M7\:I,FREERTOS_M7\:I,IWDG1\:I,MDMA\:I,NVIC1\:I,RCC\:I,USB_DEVICE_M7\:I,USB_HOST_M7\:I,WWDG1\:I,CORTEX_M7\:I,DEBUG\:I,PDM2PCM_M7\:I,PWR\:I,RESMGR_UTILITY\:I,SYS\:I,OPENAMP_M7\:I,VREFBUF\:I,GPIO\:I,RNG\:I,ETH\:I,USART1\:I
ETH.IPParameters=MediaInterface
ETH.MediaInterface=HAL_ETH_RMII_MODE
File.Version=6
KeepUserPlacement=false
Mcu.CPN=STM32H747XIH6
Mcu.Context0=CortexM7
Mcu.Context1=CortexM4
Mcu.ContextNb=2
Mcu.Family=STM32H7
Mcu.IP0=ADC1
Mcu.IP1=CORTEX_M4
Mcu.IP10=USART1
Mcu.IP2=CORTEX_M7
Mcu.IP3=ETH
Mcu.IP4=NVIC1
Mcu.IP5=NVIC2
Mcu.IP6=RCC
Mcu.IP7=RNG
Mcu.IP8=SYS
Mcu.IP9=SYS_M4
Mcu.IPNb=11
Mcu.Name=STM32H747XIHx
Mcu.Package=TFBGA240
Mcu.Pin0=PI6
Mcu.Pin1=PI5
Mcu.Pin10=PE1
Mcu.Pin100=PE11
Mcu.Pin101=PB10
Mcu.Pin102=PB11
Mcu.Pin103=PH10
Mcu.Pin104=PH11
Mcu.Pin105=PD15
Mcu.Pin106=PD14
Mcu.Pin107=PC2_C
Mcu.Pin108=PC3_C
Mcu.Pin109=PA7
Mcu.Pin11=PB6
Mcu.Pin110=PB2
Mcu.Pin111=PF12
Mcu.Pin112=PF15
Mcu.Pin113=PE12
Mcu.Pin114=PE15
Mcu.Pin115=PJ5
Mcu.Pin116=PH9
Mcu.Pin117=PH12
Mcu.Pin118=PD11
Mcu.Pin119=PA0_C
Mcu.Pin12=PK4
Mcu.Pin120=PA1_C
Mcu.Pin121=PA5
Mcu.Pin122=PC4
Mcu.Pin123=PB1
Mcu.Pin124=PF11
Mcu.Pin125=PG0
Mcu.Pin126=PE8
Mcu.Pin127=PE13
Mcu.Pin128=PH6
Mcu.Pin129=PH8
Mcu.Pin13=PG11
Mcu.Pin130=PB12
Mcu.Pin131=PB15
Mcu.Pin132=PD10
Mcu.Pin133=PD9
Mcu.Pin134=PA3
Mcu.Pin135=PC5
Mcu.Pin136=PB0
Mcu.Pin137=PJ3
Mcu.Pin138=PJ4
Mcu.Pin139=PG1
Mcu.Pin14=PJ15
Mcu.Pin140=PE7
Mcu.Pin141=PE14
Mcu.Pin142=PH7
Mcu.Pin143=PB13
Mcu.Pin144=PB14
Mcu.Pin145=PD8
Mcu.Pin146=VP_RNG_VS_RNG
Mcu.Pin147=VP_SYS_VS_Systick
Mcu.Pin148=VP_SYS_M4_VS_Systick
Mcu.Pin15=PI2
Mcu.Pin16=PH15
Mcu.Pin17=PH14
Mcu.Pin18=PC15-OSC32_OUT (OSC32_OUT)
Mcu.Pin19=PC14-OSC32_IN (OSC32_IN)
Mcu.Pin2=PI4
Mcu.Pin20=PE0
Mcu.Pin21=PK6
Mcu.Pin22=PK3
Mcu.Pin23=PG12
Mcu.Pin24=PD7
Mcu.Pin25=PC12
Mcu.Pin26=PI3
Mcu.Pin27=PE5
Mcu.Pin28=PE4
Mcu.Pin29=PE3
Mcu.Pin3=PB5
Mcu.Pin30=PG15
Mcu.Pin31=PK7
Mcu.Pin32=PG14
Mcu.Pin33=PG13
Mcu.Pin34=PJ12
Mcu.Pin35=PD2
Mcu.Pin36=PD0
Mcu.Pin37=PA10
Mcu.Pin38=PA9
Mcu.Pin39=PH13
Mcu.Pin4=PK5
Mcu.Pin40=PI9
Mcu.Pin41=PC13
Mcu.Pin42=PI8
Mcu.Pin43=PE6
Mcu.Pin44=PJ13
Mcu.Pin45=PD1
Mcu.Pin46=PC8
Mcu.Pin47=PA8
Mcu.Pin48=PA12
Mcu.Pin49=PA11
Mcu.Pin5=PG9
Mcu.Pin50=PI10
Mcu.Pin51=PI11
Mcu.Pin52=PG8
Mcu.Pin53=PG7
Mcu.Pin54=PF2
Mcu.Pin55=PF1
Mcu.Pin56=PF0
Mcu.Pin57=PG6
Mcu.Pin58=PI12
Mcu.Pin59=PI13
Mcu.Pin6=PC10
Mcu.Pin60=PI14
Mcu.Pin61=PF3
Mcu.Pin62=PG4
Mcu.Pin63=PG3
Mcu.Pin64=PG2
Mcu.Pin65=PK2
Mcu.Pin66=PH1-OSC_OUT (PH1)
Mcu.Pin67=PH0-OSC_IN (PH0)
Mcu.Pin68=PF5
Mcu.Pin69=PF4
Mcu.Pin7=PI1
Mcu.Pin70=PK0
Mcu.Pin71=PK1
Mcu.Pin72=PF6
Mcu.Pin73=PF7
Mcu.Pin74=PF8
Mcu.Pin75=PJ11
Mcu.Pin76=PC0
Mcu.Pin77=PF10
Mcu.Pin78=PF9
Mcu.Pin79=PJ10
Mcu.Pin8=PI0
Mcu.Pin80=PC1
Mcu.Pin81=PC2
Mcu.Pin82=PC3
Mcu.Pin83=PJ9
Mcu.Pin84=PH2
Mcu.Pin85=PA2
Mcu.Pin86=PA1
Mcu.Pin87=PJ0
Mcu.Pin88=PE10
Mcu.Pin89=PJ8
Mcu.Pin9=PI7
Mcu.Pin90=PJ7
Mcu.Pin91=PJ6
Mcu.Pin92=PH3
Mcu.Pin93=PH4
Mcu.Pin94=PH5
Mcu.Pin95=PI15
Mcu.Pin96=PJ1
Mcu.Pin97=PF13
Mcu.Pin98=PF14
Mcu.Pin99=PE9
Mcu.PinsNb=149
Mcu.ThirdPartyNb=0
Mcu.UserConstants=
Mcu.UserName=STM32H747XIHx
MxCube.Version=6.17.0
MxDb.Version=DB.6.0.170
NVIC1.BusFault_IRQn=true\:0\:0\:false\:false\:true\:false\:false\:false
NVIC1.DebugMonitor_IRQn=true\:0\:0\:false\:false\:true\:false\:false\:false
NVIC1.ETH_IRQn=true\:0\:0\:false\:false\:false\:true\:false\:true
NVIC1.ForceEnableDMAVector=true
NVIC1.HardFault_IRQn=true\:0\:0\:false\:false\:true\:false\:false\:false
NVIC1.MemoryManagement_IRQn=true\:0\:0\:false\:false\:true\:false\:false\:false
NVIC1.NonMaskableInt_IRQn=true\:0\:0\:false\:false\:true\:false\:false\:false
NVIC1.PendSV_IRQn=true\:0\:0\:false\:false\:true\:false\:false\:false
NVIC1.PriorityGroup=NVIC_PRIORITYGROUP_4
NVIC1.SVCall_IRQn=true\:0\:0\:false\:false\:true\:false\:false\:false
NVIC1.SysTick_IRQn=true\:0\:0\:false\:false\:true\:false\:true\:false
NVIC1.UsageFault_IRQn=true\:0\:0\:false\:false\:true\:false\:false\:false
NVIC2.BusFault_IRQn=true\:0\:0\:false\:false\:true\:false\:false\:false
NVIC2.DebugMonitor_IRQn=true\:0\:0\:false\:false\:true\:false\:false\:false
NVIC2.ForceEnableDMAVector=true
NVIC2.HardFault_IRQn=true\:0\:0\:false\:false\:true\:false\:false\:false
NVIC2.MemoryManagement_IRQn=true\:0\:0\:false\:false\:true\:false\:false\:false
NVIC2.NonMaskableInt_IRQn=true\:0\:0\:false\:false\:true\:false\:false\:false
NVIC2.PendSV_IRQn=true\:0\:0\:false\:false\:true\:false\:false\:false
NVIC2.PriorityGroup=NVIC_PRIORITYGROUP_4
NVIC2.SVCall_IRQn=true\:0\:0\:false\:false\:true\:false\:false\:false
NVIC2.SysTick_IRQn=true\:0\:0\:false\:false\:true\:false\:true\:false
NVIC2.UsageFault_IRQn=true\:0\:0\:false\:false\:true\:false\:false\:false
PA0_C.GPIOParameters=GPIO_Label,PinAttribute
PA0_C.GPIO_Label=ARD_A2
PA0_C.Locked=true
PA0_C.PinAttribute=CortexM4
PA0_C.Signal=ADCx_INP0
PA1.GPIOParameters=GPIO_Label,PinAttribute
PA1.GPIO_Label=ETH_REF_CLK
PA1.Locked=true
PA1.Mode=RMII
PA1.PinAttribute=CortexM7
PA1.Signal=ETH_REF_CLK
PA10.GPIOParameters=GPIO_Label,PinAttribute
PA10.GPIO_Label=STLINK_TX
PA10.Locked=true
PA10.Mode=Asynchronous
PA10.PinAttribute=CortexM7
PA10.Signal=USART1_RX
PA11.GPIOParameters=GPIO_Label
PA11.GPIO_Label=PMOD\#1
PA11.Locked=true
PA11.Signal=SPI2_NSS
PA12.GPIOParameters=GPIO_Label
PA12.GPIO_Label=SPI2_SCK
PA12.Locked=true
PA12.Signal=SPI2_SCK
PA1_C.GPIOParameters=GPIO_Label,PinAttribute
PA1_C.GPIO_Label=ARD_A3
PA1_C.Locked=true
PA1_C.PinAttribute=CortexM4
PA1_C.Signal=ADCx_INP1
PA2.GPIOParameters=GPIO_Label,PinAttribute
PA2.GPIO_Label=ETH_MDIO
PA2.Locked=true
PA2.Mode=RMII
PA2.PinAttribute=CortexM7
PA2.Signal=ETH_MDIO
PA3.GPIOParameters=GPIO_Label
PA3.GPIO_Label=ULPI_D0
PA3.Locked=true
PA3.Signal=USB_OTG_HS_ULPI_D0
PA5.GPIOParameters=GPIO_Label
PA5.GPIO_Label=ULPI_CK
PA5.Locked=true
PA5.Signal=USB_OTG_HS_ULPI_CK
PA7.GPIOParameters=GPIO_Label,PinAttribute
PA7.GPIO_Label=ETH_CRS_DV
PA7.Locked=true
PA7.Mode=RMII
PA7.PinAttribute=CortexM7
PA7.Signal=ETH_CRS_DV
PA8.GPIOParameters=GPIO_Label,PinAttribute
PA8.GPIO_Label=CEC_CK/MCO1
PA8.Locked=true
PA8.Mode=Clock-out-1
PA8.PinAttribute=CortexM7
PA8.Signal=RCC_MCO_1
PA9.GPIOParameters=GPIO_Label,PinAttribute
PA9.GPIO_Label=STLINK_RX
PA9.Locked=true
PA9.Mode=Asynchronous
PA9.PinAttribute=CortexM7
PA9.Signal=USART1_TX
PB0.GPIOParameters=GPIO_Label
PB0.GPIO_Label=ULPI_D1
PB0.Locked=true
PB0.Signal=USB_OTG_HS_ULPI_D1
PB1.GPIOParameters=GPIO_Label
PB1.GPIO_Label=ULPI_D2
PB1.Locked=true
PB1.Signal=USB_OTG_HS_ULPI_D2
PB10.GPIOParameters=GPIO_Label
PB10.GPIO_Label=ULPI_D3
PB10.Locked=true
PB10.Signal=USB_OTG_HS_ULPI_D3
PB11.GPIOParameters=GPIO_Label
PB11.GPIO_Label=ULPI_D4
PB11.Locked=true
PB11.Signal=USB_OTG_HS_ULPI_D4
PB12.GPIOParameters=GPIO_Label
PB12.GPIO_Label=ULPI_D5
PB12.Locked=true
PB12.Signal=USB_OTG_HS_ULPI_D5
PB13.GPIOParameters=GPIO_Label
PB13.GPIO_Label=ULPI_D6
PB13.Locked=true
PB13.Signal=USB_OTG_HS_ULPI_D6
PB14.GPIOParameters=GPIO_Label,PinAttribute
PB14.GPIO_Label=PMOD\#9
PB14.Locked=true
PB14.PinAttribute=Free
PB14.Signal=GPIO_Input
PB15.GPIOParameters=GPIO_Label,PinAttribute
PB15.GPIO_Label=PMOD\#8
PB15.Locked=true
PB15.PinAttribute=Free
PB15.Signal=GPIO_Input
PB2.GPIOParameters=GPIO_Label
PB2.GPIO_Label=QSPI_CLK
PB2.Locked=true
PB2.Signal=QUADSPI_CLK
PB5.GPIOParameters=GPIO_Label
PB5.GPIO_Label=ULPI_D7
PB5.Locked=true
PB5.Signal=USB_OTG_HS_ULPI_D7
PB6.GPIOParameters=GPIO_Label
PB6.GPIO_Label=HDMI_CEC
PB6.Locked=true
PB6.Signal=CEC
PC0.GPIOParameters=GPIO_Label
PC0.GPIO_Label=ULPI_STP
PC0.Locked=true
PC0.Signal=USB_OTG_HS_ULPI_STP
PC1.GPIOParameters=GPIO_Label,PinAttribute
PC1.GPIO_Label=ETH_MDC/SAI4_D1
PC1.Locked=true
PC1.Mode=RMII
PC1.PinAttribute=CortexM7
PC1.Signal=ETH_MDC
PC10.GPIOParameters=GPIO_Label
PC10.GPIO_Label=SDIO1_D2
PC10.Locked=true
PC10.Signal=SDMMC1_D2
PC12.GPIOParameters=GPIO_Label
PC12.GPIO_Label=SDIO1_CK
PC12.Locked=true
PC12.Signal=SDMMC1_CK
PC13.GPIOParameters=GPIO_Label
PC13.GPIO_Label=B2 [Wakeup Button]
PC13.Locked=true
PC13.Signal=RTC_TAMP1
PC14-OSC32_IN\ (OSC32_IN).GPIOParameters=GPIO_Label,PinAttribute
PC14-OSC32_IN\ (OSC32_IN).GPIO_Label=OSC32_IN
PC14-OSC32_IN\ (OSC32_IN).Locked=true
PC14-OSC32_IN\ (OSC32_IN).PinAttribute=CortexM7
PC14-OSC32_IN\ (OSC32_IN).Signal=RCC_OSC32_IN
PC15-OSC32_OUT\ (OSC32_OUT).GPIOParameters=GPIO_Label,PinAttribute
PC15-OSC32_OUT\ (OSC32_OUT).GPIO_Label=OSC32_OUT
PC15-OSC32_OUT\ (OSC32_OUT).Locked=true
PC15-OSC32_OUT\ (OSC32_OUT).PinAttribute=CortexM7
PC15-OSC32_OUT\ (OSC32_OUT).Signal=RCC_OSC32_OUT
PC2.GPIOParameters=GPIO_Label
PC2.GPIO_Label=PMOD\#3
PC2.Locked=true
PC2.Signal=SPI2_MISO
PC2_C.GPIOParameters=GPIO_Label
PC2_C.GPIO_Label=ARD_A4
PC2_C.Locked=true
PC2_C.Signal=ADC3_INP0
PC3.GPIOParameters=GPIO_Label
PC3.GPIO_Label=PMOD\#2
PC3.Locked=true
PC3.Signal=SPI2_MOSI
PC3_C.GPIOParameters=GPIO_Label
PC3_C.GPIO_Label=ARD_A5
PC3_C.Locked=true
PC3_C.Signal=ADC3_INP1
PC4.GPIOParameters=GPIO_Label,PinAttribute
PC4.GPIO_Label=ETH_RXD0
PC4.Locked=true
PC4.Mode=RMII
PC4.PinAttribute=CortexM7
PC4.Signal=ETH_RXD0
PC5.GPIOParameters=GPIO_Label,PinAttribute
PC5.GPIO_Label=ETH_RXD1
PC5.Locked=true
PC5.Mode=RMII
PC5.PinAttribute=CortexM7
PC5.Signal=ETH_RXD1
PC8.GPIOParameters=GPIO_Label
PC8.GPIO_Label=SDIO1_D0
PC8.Locked=true
PC8.Signal=SDMMC1_D0
PD0.GPIOParameters=GPIO_Label
PD0.GPIO_Label=FMC_D2
PD0.Locked=true
PD0.Signal=FMC_D2_DA2
PD1.GPIOParameters=GPIO_Label
PD1.GPIO_Label=FMC_D3
PD1.Locked=true
PD1.Signal=FMC_D3_DA3
PD10.GPIOParameters=GPIO_Label
PD10.GPIO_Label=FMC_D15
PD10.Locked=true
PD10.Signal=FMC_D15_DA15
PD11.GPIOParameters=GPIO_Label
PD11.GPIO_Label=QSPI_BK1_IO0
PD11.Locked=true
PD11.Signal=QUADSPI_BK1_IO0
PD14.GPIOParameters=GPIO_Label
PD14.GPIO_Label=FMC_D0
PD14.Locked=true
PD14.Signal=FMC_D0_DA0
PD15.GPIOParameters=GPIO_Label
PD15.GPIO_Label=FMC_D1
PD15.Locked=true
PD15.Signal=FMC_D1_DA1
PD2.GPIOParameters=GPIO_Label
PD2.GPIO_Label=SDIO1_CMD
PD2.Locked=true
PD2.Signal=SDMMC1_CMD
PD7.GPIOParameters=GPIO_Label
PD7.GPIO_Label=SPDIF_RX0
PD7.Locked=true
PD7.Signal=SPDIFRX1_IN0
PD8.GPIOParameters=GPIO_Label
PD8.GPIO_Label=FMC_D13
PD8.Locked=true
PD8.Signal=FMC_D13_DA13
PD9.GPIOParameters=GPIO_Label
PD9.GPIO_Label=FMC_D14
PD9.Locked=true
PD9.Signal=FMC_D14_DA14
PE0.GPIOParameters=GPIO_Label
PE0.GPIO_Label=FMC_NBL0
PE0.Locked=true
PE0.Signal=FMC_NBL0
PE1.GPIOParameters=GPIO_Label
PE1.GPIO_Label=FMC_NBL1
PE1.Locked=true
PE1.Signal=FMC_NBL1
PE10.GPIOParameters=GPIO_Label
PE10.GPIO_Label=FMC_D7
PE10.Locked=true
PE10.Signal=FMC_D7_DA7
PE11.GPIOParameters=GPIO_Label
PE11.GPIO_Label=FMC_D8
PE11.Locked=true
PE11.Signal=FMC_D8_DA8
PE12.GPIOParameters=GPIO_Label
PE12.GPIO_Label=FMC_D9
PE12.Locked=true
PE12.Signal=FMC_D9_DA9
PE13.GPIOParameters=GPIO_Label
PE13.GPIO_Label=FMC_D10
PE13.Locked=true
PE13.Signal=FMC_D10_DA10
PE14.GPIOParameters=GPIO_Label
PE14.GPIO_Label=FMC_D11
PE14.Locked=true
PE14.Signal=FMC_D11_DA11
PE15.GPIOParameters=GPIO_Label
PE15.GPIO_Label=FMC_D12
PE15.Locked=true
PE15.Signal=FMC_D12_DA12
PE3.GPIOParameters=GPIO_Label
PE3.GPIO_Label=SAI1_SD_B
PE3.Locked=true
PE3.Signal=SAI1_SD_B
PE4.GPIOParameters=GPIO_Label
PE4.GPIO_Label=SAI1_FS_A
PE4.Locked=true
PE4.Signal=SAI1_FS_A
PE5.GPIOParameters=GPIO_Label
PE5.GPIO_Label=SAI1_SCK_A
PE5.Locked=true
PE5.Signal=SAI1_SCK_A
PE6.GPIOParameters=GPIO_Label
PE6.GPIO_Label=SAI1_SD_A
PE6.Locked=true
PE6.Signal=SAI1_SD_A
PE7.GPIOParameters=GPIO_Label
PE7.GPIO_Label=FMC_D4
PE7.Locked=true
PE7.Signal=FMC_D4_DA4
PE8.GPIOParameters=GPIO_Label
PE8.GPIO_Label=FMC_D5
PE8.Locked=true
PE8.Signal=FMC_D5_DA5
PE9.GPIOParameters=GPIO_Label
PE9.GPIO_Label=FMC_D6
PE9.Locked=true
PE9.Signal=FMC_D6_DA6
PF0.GPIOParameters=GPIO_Label
PF0.GPIO_Label=FMC_A0
PF0.Locked=true
PF0.Signal=FMC_A0
PF1.GPIOParameters=GPIO_Label
PF1.GPIO_Label=FMC_A1
PF1.Locked=true
PF1.Signal=FMC_A1
PF10.GPIOParameters=GPIO_Label
PF10.GPIO_Label=ARD_A1
PF10.Locked=true
PF10.Signal=ADC3_INP6
PF11.GPIOParameters=GPIO_Label
PF11.GPIO_Label=FMC_SDRAS
PF11.Locked=true
PF11.Signal=FMC_SDNRAS
PF12.GPIOParameters=GPIO_Label
PF12.GPIO_Label=FMC_A6
PF12.Locked=true
PF12.Signal=FMC_A6
PF13.GPIOParameters=GPIO_Label
PF13.GPIO_Label=FMC_A7
PF13.Locked=true
PF13.Signal=FMC_A7
PF14.GPIOParameters=GPIO_Label
PF14.GPIO_Label=FMC_A8
PF14.Locked=true
PF14.Signal=FMC_A8
PF15.GPIOParameters=GPIO_Label
PF15.GPIO_Label=FMC_A9
PF15.Locked=true
PF15.Signal=FMC_A9
PF2.GPIOParameters=GPIO_Label
PF2.GPIO_Label=FMC_A2
PF2.Locked=true
PF2.Signal=FMC_A2
PF3.GPIOParameters=GPIO_Label
PF3.GPIO_Label=FMC_A3
PF3.Locked=true
PF3.Signal=FMC_A3
PF4.GPIOParameters=GPIO_Label
PF4.GPIO_Label=FMC_A4
PF4.Locked=true
PF4.Signal=FMC_A4
PF5.GPIOParameters=GPIO_Label
PF5.GPIO_Label=FMC_A5
PF5.Locked=true
PF5.Signal=FMC_A5
PF6.GPIOParameters=GPIO_Label
PF6.GPIO_Label=QSPI_BK1_IO3
PF6.Locked=true
PF6.Signal=QUADSPI_BK1_IO3
PF7.GPIOParameters=GPIO_Label
PF7.GPIO_Label=QSPI_BK1_IO2
PF7.Locked=true
PF7.Signal=QUADSPI_BK1_IO2
PF8.GPIOParameters=GPIO_Label
PF8.GPIO_Label=PMOD\#14/ARD_D3
PF8.Locked=true
PF8.Signal=S_TIM13_CH1
PF9.GPIOParameters=GPIO_Label
PF9.GPIO_Label=QSPI_BK1_IO1
PF9.Locked=true
PF9.Signal=QUADSPI_BK1_IO1
PG0.GPIOParameters=GPIO_Label
PG0.GPIO_Label=FMC_A10
PG0.Locked=true
PG0.Signal=FMC_A10
PG1.GPIOParameters=GPIO_Label
PG1.GPIO_Label=FMC_A11
PG1.Locked=true
PG1.Signal=FMC_A11
PG11.GPIOParameters=GPIO_Label,PinAttribute
PG11.GPIO_Label=ETH_TX_EN
PG11.Locked=true
PG11.Mode=RMII
PG11.PinAttribute=CortexM7
PG11.Signal=ETH_TX_EN
PG12.GPIOParameters=GPIO_Label,PinAttribute
PG12.GPIO_Label=ETH_TXD1
PG12.Locked=true
PG12.Mode=RMII
PG12.PinAttribute=CortexM7
PG12.Signal=ETH_TXD1
PG13.GPIOParameters=GPIO_Label,PinAttribute
PG13.GPIO_Label=ETH_TXD0
PG13.Locked=true
PG13.Mode=RMII
PG13.PinAttribute=CortexM7
PG13.Signal=ETH_TXD0
PG14.GPIOParameters=GPIO_Label
PG14.GPIO_Label=QSPI_BK2_IO3
PG14.Locked=true
PG14.Signal=QUADSPI_BK2_IO3
PG15.GPIOParameters=GPIO_Label
PG15.GPIO_Label=FMC_SDCAS
PG15.Locked=true
PG15.Signal=FMC_SDNCAS
PG2.GPIOParameters=GPIO_Label
PG2.GPIO_Label=FMC_A12
PG2.Locked=true
PG2.Signal=FMC_A12
PG3.GPIOParameters=GPIO_Label,PinAttribute
PG3.GPIO_Label=DSI_Reset
PG3.Locked=true
PG3.PinAttribute=Free
PG3.Signal=GPIO_Output
PG4.GPIOParameters=GPIO_Label
PG4.GPIO_Label=FMC_BA0
PG4.Locked=true
PG4.Signal=FMC_A14_BA0
PG6.GPIOParameters=GPIO_Label
PG6.GPIO_Label=QSPI_BK1_NCS
PG6.Locked=true
PG6.Signal=QUADSPI_BK1_NCS
PG7.GPIOParameters=GPIO_Label
PG7.GPIO_Label=SAI1_MCLK_A
PG7.Locked=true
PG7.Signal=SAI1_MCLK_A
PG8.GPIOParameters=GPIO_Label
PG8.GPIO_Label=FMC_SDCLK
PG8.Locked=true
PG8.Signal=FMC_SDCLK
PG9.GPIOParameters=GPIO_Label
PG9.GPIO_Label=QSPI_BK2_IO2
PG9.Locked=true
PG9.Signal=QUADSPI_BK2_IO2
PH0-OSC_IN\ (PH0).GPIOParameters=GPIO_Label,PinAttribute
PH0-OSC_IN\ (PH0).GPIO_Label=OSC_IN
PH0-OSC_IN\ (PH0).Locked=true
PH0-OSC_IN\ (PH0).PinAttribute=CortexM7
PH0-OSC_IN\ (PH0).Signal=RCC_OSC_IN
PH1-OSC_OUT\ (PH1).GPIOParameters=GPIO_Label,PinAttribute
PH1-OSC_OUT\ (PH1).GPIO_Label=OSC_OUT
PH1-OSC_OUT\ (PH1).Locked=true
PH1-OSC_OUT\ (PH1).PinAttribute=CortexM7
PH1-OSC_OUT\ (PH1).Signal=RCC_OSC_OUT
PH10.GPIOParameters=GPIO_Label
PH10.GPIO_Label=FMC_D18
PH10.Locked=true
PH10.Signal=FMC_D18
PH11.GPIOParameters=GPIO_Label
PH11.GPIO_Label=FMC_D19
PH11.Locked=true
PH11.Signal=FMC_D19
PH12.GPIOParameters=GPIO_Label
PH12.GPIO_Label=FMC_D20
PH12.Locked=true
PH12.Signal=FMC_D20
PH13.GPIOParameters=GPIO_Label
PH13.GPIO_Label=FMC_D21
PH13.Locked=true
PH13.Signal=FMC_D21
PH14.GPIOParameters=GPIO_Label
PH14.GPIO_Label=FMC_D22
PH14.Locked=true
PH14.Signal=FMC_D22
PH15.GPIOParameters=GPIO_Label
PH15.GPIO_Label=FMC_D23
PH15.Locked=true
PH15.Signal=FMC_D23
PH2.GPIOParameters=GPIO_Label
PH2.GPIO_Label=QSPI_BK2_IO0
PH2.Locked=true
PH2.Signal=QUADSPI_BK2_IO0
PH3.GPIOParameters=GPIO_Label
PH3.GPIO_Label=QSPI_BK2_IO1
PH3.Locked=true
PH3.Signal=QUADSPI_BK2_IO1
PH4.GPIOParameters=GPIO_Label
PH4.GPIO_Label=ULPI_NXT
PH4.Locked=true
PH4.Signal=USB_OTG_HS_ULPI_NXT
PH5.GPIOParameters=GPIO_Label
PH5.GPIO_Label=FMC_SDNWE
PH5.Locked=true
PH5.Signal=FMC_SDNWE
PH6.GPIOParameters=GPIO_Label
PH6.GPIO_Label=FMC_SDNE1
PH6.Locked=true
PH6.Signal=FMC_SDNE1
PH7.GPIOParameters=GPIO_Label
PH7.GPIO_Label=FMC_SDCKE1
PH7.Locked=true
PH7.Signal=FMC_SDCKE1
PH8.GPIOParameters=GPIO_Label
PH8.GPIO_Label=FMC_D16
PH8.Locked=true
PH8.Signal=FMC_D16
PH9.GPIOParameters=GPIO_Label
PH9.GPIO_Label=FMC_D17
PH9.Locked=true
PH9.Signal=FMC_D17
PI0.GPIOParameters=GPIO_Label
PI0.GPIO_Label=FMC_D24
PI0.Locked=true
PI0.Signal=FMC_D24
PI1.GPIOParameters=GPIO_Label
PI1.GPIO_Label=FMC_D25
PI1.Locked=true
PI1.Signal=FMC_D25
PI10.GPIOParameters=GPIO_Label
PI10.GPIO_Label=FMC_D31
PI10.Locked=true
PI10.Signal=FMC_D31
PI11.GPIOParameters=GPIO_Label
PI11.GPIO_Label=ULPI_DIR
PI11.Locked=true
PI11.Signal=USB_OTG_HS_ULPI_DIR
PI12.GPIOParameters=GPIO_Label,PinAttribute
PI12.GPIO_Label=LED1
PI12.Locked=true
PI12.PinAttribute=Free
PI12.Signal=GPIO_Output
PI13.GPIOParameters=GPIO_Label,PinAttribute
PI13.GPIO_Label=LED2
PI13.Locked=true
PI13.PinAttribute=Free
PI13.Signal=GPIO_Output
PI14.GPIOParameters=GPIO_Label,PinAttribute
PI14.GPIO_Label=LED3
PI14.Locked=true
PI14.PinAttribute=Free
PI14.Signal=GPIO_Output
PI15.GPIOParameters=GPIO_Label,PinAttribute
PI15.GPIO_Label=LED4
PI15.Locked=true
PI15.PinAttribute=Free
PI15.Signal=GPIO_Output
PI2.GPIOParameters=GPIO_Label
PI2.GPIO_Label=FMC_D26
PI2.Locked=true
PI2.Signal=FMC_D26
PI3.GPIOParameters=GPIO_Label
PI3.GPIO_Label=FMC_D27
PI3.Locked=true
PI3.Signal=FMC_D27
PI4.GPIOParameters=GPIO_Label
PI4.GPIO_Label=FMC_NBL2
PI4.Locked=true
PI4.Signal=FMC_NBL2
PI5.GPIOParameters=GPIO_Label
PI5.GPIO_Label=FMC_NBL3
PI5.Locked=true
PI5.Signal=FMC_NBL3
PI6.GPIOParameters=GPIO_Label
PI6.GPIO_Label=FMC_D28
PI6.Locked=true
PI6.Signal=FMC_D28
PI7.GPIOParameters=GPIO_Label
PI7.GPIO_Label=FMC_D29
PI7.Locked=true
PI7.Signal=FMC_D29
PI8.GPIOParameters=GPIO_Label,PinAttribute
PI8.GPIO_Label=uSD_Detect
PI8.Locked=true
PI8.PinAttribute=Free
PI8.Signal=GPIO_Input
PI9.GPIOParameters=GPIO_Label
PI9.GPIO_Label=FMC_D30
PI9.Locked=true
PI9.Signal=FMC_D30
PJ0.GPIOParameters=GPIO_Label,PinAttribute
PJ0.GPIO_Label=ARD_D7
PJ0.Locked=true
PJ0.PinAttribute=Free
PJ0.Signal=GPIO_Input
PJ1.GPIOParameters=GPIO_Label,PinAttribute
PJ1.GPIO_Label=OTG_HS_OverCurrent
PJ1.Locked=true
PJ1.PinAttribute=Free
PJ1.Signal=GPIO_Input
PJ10.GPIOParameters=GPIO_Label
PJ10.GPIO_Label=ARD_D11
PJ10.Locked=true
PJ10.Signal=SPI5_MOSI
PJ11.GPIOParameters=GPIO_Label
PJ11.GPIO_Label=ARD_D12
PJ11.Locked=true
PJ11.Signal=SPI5_MISO
PJ12.GPIOParameters=GPIO_Label,PinAttribute
PJ12.GPIO_Label=BL_CTRL
PJ12.Locked=true
PJ12.PinAttribute=Free
PJ12.Signal=GPIO_Output
PJ13.GPIOParameters=GPIO_Label,PinAttribute
PJ13.GPIO_Label=PMOD\#12
PJ13.Locked=true
PJ13.PinAttribute=Free
PJ13.Signal=GPIO_Input
PJ15.GPIOParameters=GPIO_Label,PinAttribute
PJ15.GPIO_Label=Audio_INT
PJ15.Locked=true
PJ15.PinAttribute=Free
PJ15.Signal=GPIO_Input
PJ3.GPIOParameters=GPIO_Label,PinAttribute
PJ3.GPIO_Label=ARD_D2
PJ3.Locked=true
PJ3.PinAttribute=Free
PJ3.Signal=GPIO_Input
PJ4.GPIOParameters=GPIO_Label,PinAttribute
PJ4.GPIO_Label=ARD_D4
PJ4.Locked=true
PJ4.PinAttribute=Free
PJ4.Signal=GPIO_Input
PJ5.GPIOParameters=GPIO_Label,PinAttribute
PJ5.GPIO_Label=ARD_D8
PJ5.Locked=true
PJ5.PinAttribute=Free
PJ5.Signal=GPIO_Input
PJ6.GPIOParameters=GPIO_Label
PJ6.GPIO_Label=ARD_D9
PJ6.Locked=true
PJ6.Signal=S_TIM8_CH2
PJ7.GPIOParameters=GPIO_Label
PJ7.GPIO_Label=ARD_D6
PJ7.Locked=true
PJ7.Signal=TIM8_CH2N
PJ8.GPIOParameters=GPIO_Label
PJ8.GPIO_Label=ARD_D1
PJ8.Locked=true
PJ8.Signal=UART8_TX
PJ9.GPIOParameters=GPIO_Label
PJ9.GPIO_Label=ARD_D0
PJ9.Locked=true
PJ9.Signal=UART8_RX
PK0.GPIOParameters=GPIO_Label
PK0.GPIO_Label=ARD_D13
PK0.Locked=true
PK0.Signal=SPI5_SCK
PK1.GPIOParameters=GPIO_Label
PK1.GPIO_Label=ARD_D10
PK1.Locked=true
PK1.Signal=SPI5_NSS
PK2.GPIOParameters=GPIO_Label,PinAttribute
PK2.GPIO_Label=JOY_SEL
PK2.Locked=true
PK2.PinAttribute=Free
PK2.Signal=GPIO_Input
PK3.GPIOParameters=GPIO_Label,PinAttribute
PK3.GPIO_Label=JOY_DOWN
PK3.Locked=true
PK3.PinAttribute=Free
PK3.Signal=GPIO_Input
PK4.GPIOParameters=GPIO_Label,PinAttribute
PK4.GPIO_Label=JOY_LEFT
PK4.Locked=true
PK4.PinAttribute=Free
PK4.Signal=GPIO_Input
PK5.GPIOParameters=GPIO_Label,PinAttribute
PK5.GPIO_Label=JOY_RIGHT
PK5.Locked=true
PK5.PinAttribute=Free
PK5.Signal=GPIO_Input
PK6.GPIOParameters=GPIO_Label,PinAttribute
PK6.GPIO_Label=JOY_UP
PK6.Locked=true
PK6.PinAttribute=Free
PK6.Signal=GPIO_Input
PK7.GPIOParameters=GPIO_Label,PinAttribute
PK7.GPIO_Label=TOUCH_INT
PK7.Locked=true
PK7.PinAttribute=Free
PK7.Signal=GPIO_Input
PinOutPanel.CurrentBGAView=Top
PinOutPanel.RotationAngle=0
ProjectManager.AskForMigrate=true
ProjectManager.BackupPrevious=false
ProjectManager.BootMode=boot0
ProjectManager.CompilerLinker=GCC
ProjectManager.CompilerOptimize=6
ProjectManager.ComputerToolchain=false
ProjectManager.CoupleFile=false
ProjectManager.CustomerFirmwarePackage=
ProjectManager.DefaultFWLocation=true
ProjectManager.DeletePrevious=true
ProjectManager.DeviceId=STM32H747XIHx
ProjectManager.FirmwarePackage=STM32Cube FW_H7 V1.13.0
ProjectManager.FreePins=false
ProjectManager.FreePinsContext=CortexM7
ProjectManager.HalAssertFull=false
ProjectManager.HeapSize=M4-0x200,M7-0x10000
ProjectManager.KeepUserCode=true
ProjectManager.LastFirmware=true
ProjectManager.LibraryCopy=1
ProjectManager.MainLocation=Core/Src
ProjectManager.NoMain=false
ProjectManager.PreviousToolchain=STM32CubeIDE
ProjectManager.ProjectBuild=false
ProjectManager.ProjectFileName=stm32h747i_disco.ioc
ProjectManager.ProjectName=stm32h747i_disco
ProjectManager.ProjectStructure=M7\:CortexM7 Project\:true;M4\:CortexM4 Project\:true;
ProjectManager.RegisterCallBack=
ProjectManager.StackSize=M4-0x400,M7-0x2000
ProjectManager.TargetToolchain=CMake
ProjectManager.ToolChainLocation=
ProjectManager.UAScriptAfterPath=
ProjectManager.UAScriptBeforePath=
ProjectManager.UnderRoot=false
ProjectManager.functionlistsort=1-SystemClock_Config-RCC-false-HAL-false-CortexM7,2-MX_GPIO_Init-GPIO-false-HAL-true-CortexM7,3-MX_ETH_Init-ETH-false-HAL-true-CortexM7,4-MX_USART1_UART_Init-USART1-false-HAL-true-CortexM7,5-MX_RNG_Init-RNG-false-HAL-true-CortexM7,1-MX_GPIO_Init-GPIO-false-HAL-true-CortexM4,2-MX_ADC1_Init-ADC1-false-HAL-true-CortexM4,0-MX_CORTEX_M7_Init-CORTEX_M7-false-HAL-true-CortexM7,0-MX_CORTEX_M4_Init-CORTEX_M4-false-HAL-true-CortexM4
RCC.ADCFreq_Value=80000000
RCC.AHB12Freq_Value=200000000
RCC.AHB4Freq_Value=200000000
RCC.APB1Freq_Value=100000000
RCC.APB2Freq_Value=100000000
RCC.APB3Freq_Value=100000000
RCC.APB4Freq_Value=100000000
RCC.AXIClockFreq_Value=200000000
RCC.CECFreq_Value=32000
RCC.CKPERFreq_Value=64000000
RCC.CPU2Freq_Value=200000000
RCC.CPU2SystikFreq_Value=200000000
RCC.CortexFreq_Value=400000000
RCC.CpuClockFreq_Value=400000000
RCC.D1CPREFreq_Value=400000000
RCC.D1PPRE=RCC_APB3_DIV2
RCC.D2PPRE1=RCC_APB1_DIV2
RCC.D2PPRE2=RCC_APB2_DIV2
RCC.D3PPRE=RCC_APB4_DIV2
RCC.DFSDMACLkFreq_Value=400000000
RCC.DFSDMFreq_Value=100000000
RCC.DIVM1=4
RCC.DIVM2=4
RCC.DIVN1=50
RCC.DIVN2=10
RCC.DIVP1Freq_Value=400000000
RCC.DIVP2Freq_Value=80000000
RCC.DIVP3Freq_Value=129000000
RCC.DIVQ1Freq_Value=400000000
RCC.DIVQ2Freq_Value=80000000
RCC.DIVQ3Freq_Value=129000000
RCC.DIVR1Freq_Value=400000000
RCC.DIVR2Freq_Value=80000000
RCC.DIVR3Freq_Value=129000000
RCC.DSIFreq_Value=62500000
RCC.DSITXEscFreq_Value=15625000
RCC.FDCANFreq_Value=400000000
RCC.FMCFreq_Value=200000000
RCC.FamilyName=M
RCC.HCLK3ClockFreq_Value=200000000
RCC.HCLKFreq_Value=200000000
RCC.HPRE=RCC_HCLK_DIV2
RCC.HRTIMFreq_Value=200000000
RCC.I2C123Freq_Value=100000000
RCC.I2C4Freq_Value=100000000
RCC.IPParameters=ADCFreq_Value,AHB12Freq_Value,AHB4Freq_Value,APB1Freq_Value,APB2Freq_Value,APB3Freq_Value,APB4Freq_Value,AXIClockFreq_Value,CECFreq_Value,CKPERFreq_Value,CPU2Freq_Value,CPU2SystikFreq_Value,CortexFreq_Value,CpuClockFreq_Value,D1CPREFreq_Value,D1PPRE,D2PPRE1,D2PPRE2,D3PPRE,DFSDMACLkFreq_Value,DFSDMFreq_Value,DIVM1,DIVM2,DIVN1,DIVN2,DIVP1Freq_Value,DIVP2Freq_Value,DIVP3Freq_Value,DIVQ1Freq_Value,DIVQ2Freq_Value,DIVQ3Freq_Value,DIVR1Freq_Value,DIVR2Freq_Value,DIVR3Freq_Value,DSIFreq_Value,DSITXEscFreq_Value,FDCANFreq_Value,FMCFreq_Value,FamilyName,HCLK3ClockFreq_Value,HCLKFreq_Value,HPRE,HRTIMFreq_Value,I2C123Freq_Value,I2C4Freq_Value,LPTIM1Freq_Value,LPTIM2Freq_Value,LPTIM345Freq_Value,LPUART1Freq_Value,LTDCFreq_Value,MCO1PinFreq_Value,MCO2PinFreq_Value,PLL2FRACN,PLLDSIVCOFreq_Value,PLLFRACN,PWR_Regulator_Voltage_Scale,QSPIFreq_Value,RNGFreq_Value,RTCFreq_Value,SAI1Freq_Value,SAI23Freq_Value,SAI4AFreq_Value,SAI4BFreq_Value,SDMMCFreq_Value,SPDIFRXFreq_Value,SPI123Freq_Value,SPI45Freq_Value,SPI6Freq_Value,SWPMI1Freq_Value,SYSCLKFreq_VALUE,SYSCLKSource,SupplySource,Tim1OutputFreq_Value,Tim2OutputFreq_Value,TraceFreq_Value,USART16Freq_Value,USART234578Freq_Value,USBFreq_Value,VCO1OutputFreq_Value,VCO2OutputFreq_Value,VCO3OutputFreq_Value,VCOInput1Freq_Value,VCOInput2Freq_Value,VCOInput3Freq_Value
RCC.LPTIM1Freq_Value=100000000
RCC.LPTIM2Freq_Value=100000000
RCC.LPTIM345Freq_Value=100000000
RCC.LPUART1Freq_Value=100000000
RCC.LTDCFreq_Value=129000000
RCC.MCO1PinFreq_Value=64000000
RCC.MCO2PinFreq_Value=400000000
RCC.PLL2FRACN=0
RCC.PLLDSIVCOFreq_Value=1000000000
RCC.PLLFRACN=0
RCC.PWR_Regulator_Voltage_Scale=PWR_REGULATOR_VOLTAGE_SCALE1
RCC.QSPIFreq_Value=200000000
RCC.RNGFreq_Value=48000000
RCC.RTCFreq_Value=32000
RCC.SAI1Freq_Value=400000000
RCC.SAI23Freq_Value=400000000
RCC.SAI4AFreq_Value=400000000
RCC.SAI4BFreq_Value=400000000
RCC.SDMMCFreq_Value=400000000
RCC.SPDIFRXFreq_Value=400000000
RCC.SPI123Freq_Value=400000000
RCC.SPI45Freq_Value=100000000
RCC.SPI6Freq_Value=100000000
RCC.SWPMI1Freq_Value=100000000
RCC.SYSCLKFreq_VALUE=400000000
RCC.SYSCLKSource=RCC_SYSCLKSOURCE_PLLCLK
RCC.SupplySource=PWR_DIRECT_SMPS_SUPPLY
RCC.Tim1OutputFreq_Value=200000000
RCC.Tim2OutputFreq_Value=200000000
RCC.TraceFreq_Value=64000000
RCC.USART16Freq_Value=100000000
RCC.USART234578Freq_Value=100000000
RCC.USBFreq_Value=400000000
RCC.VCO1OutputFreq_Value=800000000
RCC.VCO2OutputFreq_Value=160000000
RCC.VCO3OutputFreq_Value=258000000
RCC.VCOInput1Freq_Value=16000000
RCC.VCOInput2Freq_Value=16000000
RCC.VCOInput3Freq_Value=2000000
SH.ADCx_INP0.0=ADC1_INP0,IN0-Single-Ended
SH.ADCx_INP0.ConfNb=1
SH.ADCx_INP1.0=ADC1_INP1,IN1-Single-Ended
SH.ADCx_INP1.ConfNb=1
SH.FMC_A0.0=FMC_A0
SH.FMC_A0.ConfNb=1
SH.FMC_A1.0=FMC_A1
SH.FMC_A1.ConfNb=1
SH.FMC_A10.0=FMC_A10
SH.FMC_A10.ConfNb=1
SH.FMC_A11.0=FMC_A11
SH.FMC_A11.ConfNb=1
SH.FMC_A12.0=FMC_A12
SH.FMC_A12.ConfNb=1
SH.FMC_A14_BA0.0=FMC_BA0
SH.FMC_A14_BA0.ConfNb=1
SH.FMC_A2.0=FMC_A2
SH.FMC_A2.ConfNb=1
SH.FMC_A3.0=FMC_A3
SH.FMC_A3.ConfNb=1
SH.FMC_A4.0=FMC_A4
SH.FMC_A4.ConfNb=1
SH.FMC_A5.0=FMC_A5
SH.FMC_A5.ConfNb=1
SH.FMC_A6.0=FMC_A6
SH.FMC_A6.ConfNb=1
SH.FMC_A7.0=FMC_A7
SH.FMC_A7.ConfNb=1
SH.FMC_A8.0=FMC_A8
SH.FMC_A8.ConfNb=1
SH.FMC_A9.0=FMC_A9
SH.FMC_A9.ConfNb=1
SH.FMC_D0_DA0.0=FMC_D0
SH.FMC_D0_DA0.ConfNb=1
SH.FMC_D10_DA10.0=FMC_D10
SH.FMC_D10_DA10.ConfNb=1
SH.FMC_D11_DA11.0=FMC_D11
SH.FMC_D11_DA11.ConfNb=1
SH.FMC_D12_DA12.0=FMC_D12
SH.FMC_D12_DA12.ConfNb=1
SH.FMC_D13_DA13.0=FMC_D13
SH.FMC_D13_DA13.ConfNb=1
SH.FMC_D14_DA14.0=FMC_D14
SH.FMC_D14_DA14.ConfNb=1
SH.FMC_D15_DA15.0=FMC_D15
SH.FMC_D15_DA15.ConfNb=1
SH.FMC_D16.0=FMC_D16
SH.FMC_D16.ConfNb=1
SH.FMC_D17.0=FMC_D17
SH.FMC_D17.ConfNb=1
SH.FMC_D18.0=FMC_D18
SH.FMC_D18.ConfNb=1
SH.FMC_D19.0=FMC_D19
SH.FMC_D19.ConfNb=1
SH.FMC_D1_DA1.0=FMC_D1
SH.FMC_D1_DA1.ConfNb=1
SH.FMC_D20.0=FMC_D20
SH.FMC_D20.ConfNb=1
SH.FMC_D21.0=FMC_D21
SH.FMC_D21.ConfNb=1
SH.FMC_D22.0=FMC_D22
SH.FMC_D22.ConfNb=1
SH.FMC_D23.0=FMC_D23
SH.FMC_D23.ConfNb=1
SH.FMC_D24.0=FMC_D24
SH.FMC_D24.ConfNb=1
SH.FMC_D25.0=FMC_D25
SH.FMC_D25.ConfNb=1
SH.FMC_D26.0=FMC_D26
SH.FMC_D26.ConfNb=1
SH.FMC_D27.0=FMC_D27
SH.FMC_D27.ConfNb=1
SH.FMC_D28.0=FMC_D28
SH.FMC_D28.ConfNb=1
SH.FMC_D29.0=FMC_D29
SH.FMC_D29.ConfNb=1
SH.FMC_D2_DA2.0=FMC_D2
SH.FMC_D2_DA2.ConfNb=1
SH.FMC_D30.0=FMC_D30
SH.FMC_D30.ConfNb=1
SH.FMC_D31.0=FMC_D31
SH.FMC_D31.ConfNb=1
SH.FMC_D3_DA3.0=FMC_D3
SH.FMC_D3_DA3.ConfNb=1
SH.FMC_D4_DA4.0=FMC_D4
SH.FMC_D4_DA4.ConfNb=1
SH.FMC_D5_DA5.0=FMC_D5
SH.FMC_D5_DA5.ConfNb=1
SH.FMC_D6_DA6.0=FMC_D6
SH.FMC_D6_DA6.ConfNb=1
SH.FMC_D7_DA7.0=FMC_D7
SH.FMC_D7_DA7.ConfNb=1
SH.FMC_D8_DA8.0=FMC_D8
SH.FMC_D8_DA8.ConfNb=1
SH.FMC_D9_DA9.0=FMC_D9
SH.FMC_D9_DA9.ConfNb=1
SH.FMC_NBL0.0=FMC_NBL0
SH.FMC_NBL0.ConfNb=1
SH.FMC_NBL1.0=FMC_NBL1
SH.FMC_NBL1.ConfNb=1
SH.FMC_NBL2.0=FMC_NBL2
SH.FMC_NBL2.ConfNb=1
SH.FMC_NBL3.0=FMC_NBL3
SH.FMC_NBL3.ConfNb=1
SH.FMC_SDCLK.0=FMC_SDCLK
SH.FMC_SDCLK.ConfNb=1
SH.FMC_SDNCAS.0=FMC_SDNCAS
SH.FMC_SDNCAS.ConfNb=1
SH.FMC_SDNRAS.0=FMC_SDNRAS
SH.FMC_SDNRAS.ConfNb=1
SH.FMC_SDNWE.0=FMC_SDNWE
SH.FMC_SDNWE.ConfNb=1
SH.S_TIM13_CH1.0=TIM13_CH1
SH.S_TIM13_CH1.ConfNb=1
SH.S_TIM8_CH2.0=TIM8_CH2
SH.S_TIM8_CH2.ConfNb=1
USART1.IPParameters=VirtualMode-Asynchronous
USART1.VirtualMode-Asynchronous=VM_ASYNC
VP_RNG_VS_RNG.Mode=RNG_Activate
VP_RNG_VS_RNG.Signal=RNG_VS_RNG
VP_SYS_M4_VS_Systick.Mode=SysTick
VP_SYS_M4_VS_Systick.Signal=SYS_M4_VS_Systick
VP_SYS_VS_Systick.Mode=SysTick
VP_SYS_VS_Systick.Signal=SYS_VS_Systick
board=STM32H747I-DISCO
boardIOC=true
