#MicroXplorer Configuration settings - do not modify
CAD.formats=
CAD.pinconfig=
CAD.provider=
CortexM4.IPs=BDMA,DMA,FATFS_M4\:I,FREERTOS_M4\:I,IWDG2\:I,MDMA,NVIC2\:I,RCC,USB_DEVICE_M4\:I,USB_HOST_M4\:I,WWDG2\:I,ADC1\:I,DCMI\:I,TIM3\:I,DEBUG,PDM2PCM_M4\:I,PWR,RESMGR_UTILITY,SYS_M4\:I,CORTEX_M4\:I,OPENAMP_M4\:I,VREFBUF,GPIO
CortexM7.IPs=BDMA\:I,DMA\:I,FATFS_M7\:I,FREERTOS_M7\:I,IWDG1\:I,MDMA\:I,NVIC1\:I,RCC\:I,USB_DEVICE_M7\:I,USB_HOST_M7\:I,WWDG1\:I,CORTEX_M7\:I,DEBUG\:I,PDM2PCM_M7\:I,PWR\:I,RESMGR_UTILITY\:I,SYS\:I,OPENAMP_M7\:I,VREFBUF\:I,GPIO\:I,RNG\:I,USART1\:I,SDMMC1\:I
CortexM7.Pins=PK5,PK6,PK7,PJ1,PJ5
File.Version=6
GPIO.groupedBy=Group By Peripherals
KeepUserPlacement=false
Mcu.CPN=STM32H747XIH6
Mcu.Context0=CortexM7
Mcu.Context1=CortexM4
Mcu.ContextNb=2
Mcu.Family=STM32H7
Mcu.IP0=CORTEX_M4
Mcu.IP1=CORTEX_M7
Mcu.IP2=NVIC1
Mcu.IP3=NVIC2
Mcu.IP4=RCC
Mcu.IP5=RNG
Mcu.IP6=SYS
Mcu.IP7=SYS_M4
Mcu.IP8=USART1
Mcu.IPNb=9
Mcu.Name=STM32H747XIHx
Mcu.Package=TFBGA240
Mcu.Pin0=PK5
Mcu.Pin1=PC10
Mcu.Pin10=PC8
Mcu.Pin11=PC9
Mcu.Pin12=PH0-OSC_IN (PH0)
Mcu.Pin13=PJ1
Mcu.Pin14=PJ5
Mcu.Pin15=VP_RNG_VS_RNG
Mcu.Pin16=VP_SYS_VS_Systick
Mcu.Pin17=VP_SYS_M4_VS_Systick
Mcu.Pin2=PC11
Mcu.Pin3=PC14-OSC32_IN (OSC32_IN)
Mcu.Pin4=PK6
Mcu.Pin5=PC12
Mcu.Pin6=PK7
Mcu.Pin7=PD2
Mcu.Pin8=PA10
Mcu.Pin9=PA9
Mcu.PinsNb=18
Mcu.ThirdPartyNb=0
Mcu.UserConstants=
Mcu.UserName=STM32H747XIHx
MxCube.Version=6.12.0
MxDb.Version=DB.6.0.120
NVIC1.BusFault_IRQn=true\:0\:0\:false\:false\:true\:false\:false\:false
NVIC1.DebugMonitor_IRQn=true\:0\:0\:false\:false\:true\:false\:false\:false
NVIC1.ForceEnableDMAVector=true
NVIC1.HardFault_IRQn=true\:0\:0\:false\:false\:true\:false\:false\:false
NVIC1.MemoryManagement_IRQn=true\:0\:0\:false\:false\:true\:false\:false\:false
NVIC1.NonMaskableInt_IRQn=true\:0\:0\:false\:false\:true\:false\:false\:false
NVIC1.PendSV_IRQn=true\:0\:0\:false\:false\:true\:false\:false\:false
NVIC1.PriorityGroup=NVIC_PRIORITYGROUP_4
NVIC1.SVCall_IRQn=true\:0\:0\:false\:false\:true\:false\:false\:false
NVIC1.SysTick_IRQn=true\:0\:0\:false\:false\:true\:false\:true\:false
NVIC1.UsageFault_IRQn=true\:0\:0\:false\:false\:true\:false\:false\:false
NVIC2.BusFault_IRQn=true\:0\:0\:false\:false\:true\:false\:false\:false
NVIC2.DebugMonitor_IRQn=true\:0\:0\:false\:false\:true\:false\:false\:false
NVIC2.ForceEnableDMAVector=true
NVIC2.HardFault_IRQn=true\:0\:0\:false\:false\:true\:false\:false\:false
NVIC2.MemoryManagement_IRQn=true\:0\:0\:false\:false\:true\:false\:false\:false
NVIC2.NonMaskableInt_IRQn=true\:0\:0\:false\:false\:true\:false\:false\:false
NVIC2.PendSV_IRQn=true\:0\:0\:false\:false\:true\:false\:false\:false
NVIC2.PriorityGroup=NVIC_PRIORITYGROUP_4
NVIC2.SVCall_IRQn=true\:0\:0\:false\:false\:true\:false\:false\:false
NVIC2.SysTick_IRQn=true\:0\:0\:false\:false\:true\:false\:true\:false
NVIC2.UsageFault_IRQn=true\:0\:0\:false\:false\:true\:false\:false\:false
PA10.GPIOParameters=GPIO_Label,PinAttribute
PA10.GPIO_Label=USART1_RX
PA10.Locked=true
PA10.Mode=Asynchronous
PA10.PinAttribute=CortexM7
PA10.Signal=USART1_RX
PA9.GPIOParameters=GPIO_Label,PinAttribute
PA9.GPIO_Label=USART1_TX
PA9.Locked=true
PA9.Mode=Asynchronous
PA9.PinAttribute=CortexM7
PA9.Signal=USART1_TX
PC10.GPIOParameters=GPIO_PuPd,GPIO_Label,PinAttribute
PC10.GPIO_Label=SDIO_D2
PC10.GPIO_PuPd=GPIO_PULLUP
PC10.Locked=true
PC10.PinAttribute=CortexM7
PC10.Signal=SDMMC1_D2
PC11.GPIOParameters=GPIO_PuPd,GPIO_Label,PinAttribute
PC11.GPIO_Label=SDIO_D3
PC11.GPIO_PuPd=GPIO_PULLUP
PC11.Locked=true
PC11.PinAttribute=CortexM7
PC11.Signal=SDMMC1_D3
PC12.GPIOParameters=GPIO_PuPd,GPIO_Label,PinAttribute
PC12.GPIO_Label=SDIO_CLK
PC12.GPIO_PuPd=GPIO_PULLUP
PC12.Locked=true
PC12.PinAttribute=CortexM7
PC12.Signal=SDMMC1_CK
PC14-OSC32_IN\ (OSC32_IN).GPIOParameters=GPIO_Label,PinAttribute
PC14-OSC32_IN\ (OSC32_IN).GPIO_Label=OSC32_IN
PC14-OSC32_IN\ (OSC32_IN).Locked=true
PC14-OSC32_IN\ (OSC32_IN).Mode=LSE-External-Clock-Source
PC14-OSC32_IN\ (OSC32_IN).PinAttribute=CortexM7
PC14-OSC32_IN\ (OSC32_IN).Signal=RCC_OSC32_IN
PC8.GPIOParameters=GPIO_PuPd,GPIO_Label,PinAttribute
PC8.GPIO_Label=SDIO_D0
PC8.GPIO_PuPd=GPIO_PULLUP
PC8.Locked=true
PC8.PinAttribute=CortexM7
PC8.Signal=SDMMC1_D0
PC9.GPIOParameters=GPIO_PuPd,GPIO_Label,PinAttribute
PC9.GPIO_Label=SDIO_D1
PC9.GPIO_PuPd=GPIO_PULLUP
PC9.Locked=true
PC9.PinAttribute=CortexM7
PC9.Signal=SDMMC1_D1
PD2.GPIOParameters=GPIO_PuPd,GPIO_Label,PinAttribute
PD2.GPIO_Label=SDIO_MMC
PD2.GPIO_PuPd=GPIO_PULLUP
PD2.Locked=true
PD2.PinAttribute=CortexM7
PD2.Signal=SDMMC1_CMD
PH0-OSC_IN\ (PH0).GPIOParameters=GPIO_Label,PinAttribute
PH0-OSC_IN\ (PH0).GPIO_Label=OSC25M_IN
PH0-OSC_IN\ (PH0).Locked=true
PH0-OSC_IN\ (PH0).Mode=HSE-External-Clock-Source
PH0-OSC_IN\ (PH0).PinAttribute=Free
PH0-OSC_IN\ (PH0).Signal=RCC_OSC_IN
PJ1.ContextOwner=CortexM7
PJ1.GPIOParameters=GPIO_Label,PinAttribute
PJ1.GPIO_Label=PWR
PJ1.Locked=true
PJ1.PinAttribute=CortexM7
PJ1.Signal=GPIO_Output
PJ5.ContextOwner=CortexM7
PJ5.GPIOParameters=GPIO_Label,PinAttribute
PJ5.GPIO_Label=WAKE
PJ5.Locked=true
PJ5.PinAttribute=CortexM7
PJ5.Signal=GPIO_Input
PK5.ContextOwner=CortexM7
PK5.GPIOParameters=PinState,GPIO_Label,PinAttribute
PK5.GPIO_Label=LED R
PK5.Locked=true
PK5.PinAttribute=CortexM7
PK5.PinState=GPIO_PIN_SET
PK5.Signal=GPIO_Output
PK6.ContextOwner=CortexM7
PK6.GPIOParameters=PinState,GPIO_Label,PinAttribute
PK6.GPIO_Label=LED G
PK6.Locked=true
PK6.PinAttribute=CortexM7
PK6.PinState=GPIO_PIN_SET
PK6.Signal=GPIO_Output
PK7.ContextOwner=CortexM7
PK7.GPIOParameters=PinState,GPIO_Label,PinAttribute
PK7.GPIO_Label=LED B
PK7.Locked=true
PK7.PinAttribute=CortexM7
PK7.PinState=GPIO_PIN_SET
PK7.Signal=GPIO_Output
PinOutPanel.CurrentBGAView=Top
PinOutPanel.RotationAngle=0
ProjectManager.AskForMigrate=true
ProjectManager.BackupPrevious=false
ProjectManager.BootMode=boot0
ProjectManager.CompilerOptimize=6
ProjectManager.ComputerToolchain=false
ProjectManager.CoupleFile=false
ProjectManager.CustomerFirmwarePackage=
ProjectManager.DefaultFWLocation=true
ProjectManager.DeletePrevious=true
ProjectManager.DeviceId=STM32H747XIHx
ProjectManager.FirmwarePackage=STM32Cube FW_H7 V1.11.2
ProjectManager.FreePins=false
ProjectManager.HalAssertFull=false
ProjectManager.HeapSize=M4-0x200,M7-0x200
ProjectManager.KeepUserCode=true
ProjectManager.LastFirmware=true
ProjectManager.LibraryCopy=1
ProjectManager.MainLocation=Core/Src
ProjectManager.NoMain=false
ProjectManager.PreviousToolchain=STM32CubeIDE
ProjectManager.ProjectBuild=false
ProjectManager.ProjectFileName=Portenta_H7.ioc
ProjectManager.ProjectName=Portenta_H7
ProjectManager.ProjectStructure=M7\:CortexM7 Project\:true;M4\:CortexM4 Project\:true;
ProjectManager.RegisterCallBack=
ProjectManager.StackSize=M4-0x400,M7-0x400
ProjectManager.TargetToolchain=STM32CubeIDE
ProjectManager.ToolChainLocation=
ProjectManager.UAScriptAfterPath=
ProjectManager.UAScriptBeforePath=
ProjectManager.UnderRoot=true
ProjectManager.functionlistsort=1-SystemClock_Config-RCC-false-HAL-false-CortexM7,2-MX_GPIO_Init-GPIO-false-HAL-true-CortexM7,3-MX_USART1_UART_Init-USART1-false-HAL-true-CortexM7,4-MX_RNG_Init-RNG-false-HAL-true-CortexM7,5-MX_SDMMC1_SD_Init-SDMMC1-false-HAL-true-CortexM7,0-MX_CORTEX_M7_Init-CORTEX_M7-false-HAL-true-CortexM7,0-MX_CORTEX_M4_Init-CORTEX_M4-false-HAL-true-CortexM4
RCC.ADCFreq_Value=80000000
RCC.AHB12Freq_Value=200000000
RCC.AHB4Freq_Value=200000000
RCC.APB1Freq_Value=100000000
RCC.APB2Freq_Value=100000000
RCC.APB3Freq_Value=100000000
RCC.APB4Freq_Value=100000000
RCC.AXIClockFreq_Value=200000000
RCC.CECFreq_Value=32000
RCC.CKPERFreq_Value=64000000
RCC.CPU2Freq_Value=200000000
RCC.CPU2SystikFreq_Value=200000000
RCC.CortexFreq_Value=400000000
RCC.CpuClockFreq_Value=400000000
RCC.D1CPREFreq_Value=400000000
RCC.D1PPRE=RCC_APB3_DIV2
RCC.D2PPRE1=RCC_APB1_DIV2
RCC.D2PPRE2=RCC_APB2_DIV2
RCC.D3PPRE=RCC_APB4_DIV2
RCC.DFSDMACLkFreq_Value=200000000
RCC.DFSDMFreq_Value=100000000
RCC.DIVM1=4
RCC.DIVM2=4
RCC.DIVN1=50
RCC.DIVN2=10
RCC.DIVP1Freq_Value=400000000
RCC.DIVP2Freq_Value=80000000
RCC.DIVP3Freq_Value=129000000
RCC.DIVQ1=4
RCC.DIVQ1Freq_Value=200000000
RCC.DIVQ2Freq_Value=80000000
RCC.DIVQ3Freq_Value=129000000
RCC.DIVR1Freq_Value=400000000
RCC.DIVR2Freq_Value=80000000
RCC.DIVR3Freq_Value=129000000
RCC.DSIFreq_Value=62500000
RCC.DSITXEscFreq_Value=15625000
RCC.FDCANFreq_Value=200000000
RCC.FMCFreq_Value=200000000
RCC.FamilyName=M
RCC.HCLK3ClockFreq_Value=200000000
RCC.HCLKFreq_Value=200000000
RCC.HPRE=RCC_HCLK_DIV2
RCC.HRTIMFreq_Value=200000000
RCC.I2C123Freq_Value=100000000
RCC.I2C4Freq_Value=100000000
RCC.IPParameters=ADCFreq_Value,AHB12Freq_Value,AHB4Freq_Value,APB1Freq_Value,APB2Freq_Value,APB3Freq_Value,APB4Freq_Value,AXIClockFreq_Value,CECFreq_Value,CKPERFreq_Value,CPU2Freq_Value,CPU2SystikFreq_Value,CortexFreq_Value,CpuClockFreq_Value,D1CPREFreq_Value,D1PPRE,D2PPRE1,D2PPRE2,D3PPRE,DFSDMACLkFreq_Value,DFSDMFreq_Value,DIVM1,DIVM2,DIVN1,DIVN2,DIVP1Freq_Value,DIVP2Freq_Value,DIVP3Freq_Value,DIVQ1,DIVQ1Freq_Value,DIVQ2Freq_Value,DIVQ3Freq_Value,DIVR1Freq_Value,DIVR2Freq_Value,DIVR3Freq_Value,DSIFreq_Value,DSITXEscFreq_Value,FDCANFreq_Value,FMCFreq_Value,FamilyName,HCLK3ClockFreq_Value,HCLKFreq_Value,HPRE,HRTIMFreq_Value,I2C123Freq_Value,I2C4Freq_Value,LPTIM1Freq_Value,LPTIM2Freq_Value,LPTIM345Freq_Value,LPUART1Freq_Value,LTDCFreq_Value,MCO1PinFreq_Value,MCO2PinFreq_Value,PLL2FRACN,PLLDSIVCOFreq_Value,PLLFRACN,PWR_Regulator_Voltage_Scale,QSPIFreq_Value,RNGFreq_Value,RTCFreq_Value,SAI1Freq_Value,SAI23Freq_Value,SAI4AFreq_Value,SAI4BFreq_Value,SDMMCFreq_Value,SPDIFRXFreq_Value,SPI123Freq_Value,SPI45Freq_Value,SPI6Freq_Value,SWPMI1Freq_Value,SYSCLKFreq_VALUE,SYSCLKSource,SupplySource,Tim1OutputFreq_Value,Tim2OutputFreq_Value,TraceFreq_Value,USART16Freq_Value,USART234578Freq_Value,USBFreq_Value,VCO1OutputFreq_Value,VCO2OutputFreq_Value,VCO3OutputFreq_Value,VCOInput1Freq_Value,VCOInput2Freq_Value,VCOInput3Freq_Value
RCC.LPTIM1Freq_Value=100000000
RCC.LPTIM2Freq_Value=100000000
RCC.LPTIM345Freq_Value=100000000
RCC.LPUART1Freq_Value=100000000
RCC.LTDCFreq_Value=129000000
RCC.MCO1PinFreq_Value=64000000
RCC.MCO2PinFreq_Value=400000000
RCC.PLL2FRACN=0
RCC.PLLDSIVCOFreq_Value=1000000000
RCC.PLLFRACN=0
RCC.PWR_Regulator_Voltage_Scale=PWR_REGULATOR_VOLTAGE_SCALE1
RCC.QSPIFreq_Value=200000000
RCC.RNGFreq_Value=48000000
RCC.RTCFreq_Value=32000
RCC.SAI1Freq_Value=200000000
RCC.SAI23Freq_Value=200000000
RCC.SAI4AFreq_Value=200000000
RCC.SAI4BFreq_Value=200000000
RCC.SDMMCFreq_Value=200000000
RCC.SPDIFRXFreq_Value=200000000
RCC.SPI123Freq_Value=200000000
RCC.SPI45Freq_Value=100000000
RCC.SPI6Freq_Value=100000000
RCC.SWPMI1Freq_Value=100000000
RCC.SYSCLKFreq_VALUE=400000000
RCC.SYSCLKSource=RCC_SYSCLKSOURCE_PLLCLK
RCC.SupplySource=PWR_DIRECT_SMPS_SUPPLY
RCC.Tim1OutputFreq_Value=200000000
RCC.Tim2OutputFreq_Value=200000000
RCC.TraceFreq_Value=64000000
RCC.USART16Freq_Value=100000000
RCC.USART234578Freq_Value=100000000
RCC.USBFreq_Value=200000000
RCC.VCO1OutputFreq_Value=800000000
RCC.VCO2OutputFreq_Value=160000000
RCC.VCO3OutputFreq_Value=258000000
RCC.VCOInput1Freq_Value=16000000
RCC.VCOInput2Freq_Value=16000000
RCC.VCOInput3Freq_Value=2000000
USART1.IPParameters=VirtualMode-Asynchronous
USART1.VirtualMode-Asynchronous=VM_ASYNC
VP_RNG_VS_RNG.Mode=RNG_Activate
VP_RNG_VS_RNG.Signal=RNG_VS_RNG
VP_SYS_M4_VS_Systick.Mode=SysTick
VP_SYS_M4_VS_Systick.Signal=SYS_M4_VS_Systick
VP_SYS_VS_Systick.Mode=SysTick
VP_SYS_VS_Systick.Signal=SYS_VS_Systick
board=STM32H747I-DISCO
boardIOC=true
isbadioc=false
