#MicroXplorer Configuration settings - do not modify
BOOTPATH.BootPathName=LEGACY
BOOTPATH.IPParameters=BootPathName
BOOTPATH.UserSelectedBootPath=LEGACY
CAD.formats=
CAD.pinconfig=
CAD.provider=
CORTEX_M33_NS.IPParameters=default_mode_Activation,Number-Cortex_Memory_Protection_Unit_Region0_OTP_RO_AREAS_Settings
CORTEX_M33_NS.Number-Cortex_Memory_Protection_Unit_Region0_OTP_RO_AREAS_Settings=MPU_REGION_NUMBER0
CORTEX_M33_NS.default_mode_Activation=1
CORTEX_M33_NS.userName=CORTEX_M33
Cesanta.I-CUBE-Mongoose.7.21.7.IPParameters=MongooseJjNetworkingOoCore,MongooseJjWebOoDeviceOoDashboard
Cesanta.I-CUBE-Mongoose.7.21.7.MongooseJjNetworkingOoCore=true
Cesanta.I-CUBE-Mongoose.7.21.7.MongooseJjNetworkingOoCore_Checked=true
Cesanta.I-CUBE-Mongoose.7.21.7.MongooseJjWebOoDeviceOoDashboard=true
Cesanta.I-CUBE-Mongoose.7.21.7.MongooseJjWebOoDeviceOoDashboard_Checked=true
Cesanta.I-CUBE-Mongoose.7.21.7_SwParameter=MongooseJjNetworkingOoCore\:true;MongooseJjWebOoDeviceOoDashboard\:true;
ETH.IPParameters=MediaInterface
ETH.MediaInterface=HAL_ETH_RMII_MODE
File.Version=6
GPIO.groupedBy=
KeepUserPlacement=false
MMTAppRegionsCount=0
MMTConfigApplied=false
MMTSectionSuffix=
Mcu.CPN=STM32H563ZIT6
Mcu.ContextProject=TrustZoneDisabled
Mcu.Family=STM32H5
Mcu.IP0=BOOTPATH
Mcu.IP1=CORTEX_M33_NS
Mcu.IP10=USART3
Mcu.IP2=ETH
Mcu.IP3=ICACHE
Mcu.IP4=MEMORYMAP
Mcu.IP5=NVIC
Mcu.IP6=PWR
Mcu.IP7=RCC
Mcu.IP8=RNG
Mcu.IP9=SYS
Mcu.IPNb=11
Mcu.Name=STM32H563ZITx
Mcu.Package=LQFP144
Mcu.Pin0=PF4
Mcu.Pin1=PC1
Mcu.Pin10=PD9
Mcu.Pin11=PG4
Mcu.Pin12=PG11
Mcu.Pin13=PG13
Mcu.Pin14=VP_CORTEX_M33_NS_VS_Hclk
Mcu.Pin15=VP_ICACHE_VS_ICACHE
Mcu.Pin16=VP_PWR_VS_SECSignals
Mcu.Pin17=VP_PWR_VS_LPOM
Mcu.Pin18=VP_RNG_VS_RNG
Mcu.Pin19=VP_SYS_VS_Systick
Mcu.Pin2=PA1
Mcu.Pin20=VP_BOOTPATH_VS_BOOTPATH
Mcu.Pin21=VP_MEMORYMAP_VS_MEMORYMAP
Mcu.Pin22=VP_Cesanta.I-CUBE-Mongoose_VS_MongooseJjNetworkingOoCore_7.21.7_7.21.7
Mcu.Pin23=VP_Cesanta.I-CUBE-Mongoose_VS_MongooseJjWebOoDeviceOoDashboard_7.21.7_7.21.7
Mcu.Pin3=PA2
Mcu.Pin4=PA7
Mcu.Pin5=PC4
Mcu.Pin6=PC5
Mcu.Pin7=PB0
Mcu.Pin8=PB15
Mcu.Pin9=PD8
Mcu.PinsNb=24
Mcu.ThirdParty0=Cesanta.I-CUBE-Mongoose.7.21.7
Mcu.ThirdPartyNb=1
Mcu.UserConstants=
Mcu.UserName=STM32H563ZITx
MxCube.Version=6.17.0
MxDb.Version=DB.6.0.170
NVIC.BusFault_IRQn=true\:0\:0\:false\:false\:true\:false\:false\:false
NVIC.DebugMonitor_IRQn=true\:0\:0\:false\:false\:true\:false\:false\:false
NVIC.ForceEnableDMAVector=true
NVIC.HardFault_IRQn=true\:0\:0\:false\:false\:true\:false\:false\:false
NVIC.MemoryManagement_IRQn=true\:0\:0\:false\:false\:true\:false\:false\:false
NVIC.NonMaskableInt_IRQn=true\:0\:0\:false\:false\:true\:false\:false\:false
NVIC.PendSV_IRQn=true\:0\:0\:false\:false\:true\:false\:false\:false
NVIC.PriorityGroup=NVIC_PRIORITYGROUP_4
NVIC.SVCall_IRQn=true\:0\:0\:false\:false\:true\:false\:false\:false
NVIC.SysTick_IRQn=true\:15\:0\:false\:false\:true\:false\:true\:false
NVIC.UsageFault_IRQn=true\:0\:0\:false\:false\:true\:false\:false\:false
PA1.Mode=RMII
PA1.Signal=ETH_REF_CLK
PA2.Mode=RMII
PA2.Signal=ETH_MDIO
PA7.Mode=RMII
PA7.Signal=ETH_CRS_DV
PB0.Locked=true
PB0.Signal=GPIO_Output
PB15.Mode=RMII
PB15.Signal=ETH_TXD1
PC1.Mode=RMII
PC1.Signal=ETH_MDC
PC4.Mode=RMII
PC4.Signal=ETH_RXD0
PC5.Mode=RMII
PC5.Signal=ETH_RXD1
PCC.Checker=false
PCC.Display=Plot\: All Steps
PCC.Line=STM32H563/H573
PCC.MCU=STM32H563ZITx
PCC.PartNumber=STM32H563ZITx
PCC.Series=STM32H5
PCC.Temperature=25
PCC.Vdd=3.0
PD8.Locked=true
PD8.Mode=Asynchronous
PD8.Signal=USART3_TX
PD9.Locked=true
PD9.Mode=Asynchronous
PD9.Signal=USART3_RX
PF4.Locked=true
PF4.Signal=GPIO_Output
PG11.Locked=true
PG11.Mode=RMII
PG11.Signal=ETH_TX_EN
PG13.Locked=true
PG13.Mode=RMII
PG13.Signal=ETH_TXD0
PG4.Locked=true
PG4.Signal=GPIO_Output
PinOutPanel.RotationAngle=0
ProjectManager.AskForMigrate=true
ProjectManager.BackupPrevious=false
ProjectManager.CompilerLinker=GCC
ProjectManager.CompilerOptimize=6
ProjectManager.ComputerToolchain=false
ProjectManager.CoupleFile=false
ProjectManager.CustomerFirmwarePackage=
ProjectManager.DefaultFWLocation=true
ProjectManager.DeletePrevious=true
ProjectManager.DeviceId=STM32H563ZITx
ProjectManager.FirmwarePackage=STM32Cube FW_H5 V1.6.0
ProjectManager.FreePins=false
ProjectManager.FreePinsContext=
ProjectManager.HalAssertFull=false
ProjectManager.HeapSize=0x10000
ProjectManager.KeepUserCode=true
ProjectManager.LastFirmware=true
ProjectManager.LibraryCopy=1
ProjectManager.MainLocation=Core/Src
ProjectManager.NoMain=false
ProjectManager.PreviousToolchain=
ProjectManager.ProjectBuild=false
ProjectManager.ProjectFileName=nucleo_h563zi.ioc
ProjectManager.ProjectName=nucleo_h563zi
ProjectManager.ProjectStructure=
ProjectManager.RegisterCallBack=
ProjectManager.StackSize=0x2000
ProjectManager.TargetToolchain=CMake
ProjectManager.ToolChainLocation=
ProjectManager.UAScriptAfterPath=
ProjectManager.UAScriptBeforePath=
ProjectManager.UnderRoot=false
ProjectManager.functionlistsort=1-SystemClock_Config-RCC-false-HAL-false,2-MX_GPIO_Init-GPIO-false-HAL-true,3-MX_ETH_Init-ETH-false-HAL-true,4-MX_ICACHE_Init-ICACHE-false-HAL-true,5-MX_RNG_Init-RNG-false-HAL-true,6-MX_USART3_UART_Init-USART3-false-HAL-true,0-MX_CORTEX_M33_NS_Init-CORTEX_M33_NS-false-HAL-true,0-MX_PWR_Init-PWR-false-HAL-true
RCC.ADCFreq_Value=250000000
RCC.AHBFreq_Value=250000000
RCC.APB1Freq_Value=250000000
RCC.APB1TimFreq_Value=250000000
RCC.APB2Freq_Value=250000000
RCC.APB2TimFreq_Value=250000000
RCC.APB3Freq_Value=250000000
RCC.CECFreq_Value=32000
RCC.CKPERFreq_Value=32000000
RCC.CRSFreq_Value=48000000
RCC.CSI_VALUE=4000000
RCC.CortexFreq_Value=250000000
RCC.DACFreq_Value=32768
RCC.EPOD_VALUE=4000000
RCC.ETHFreq_Value=250000000
RCC.FCLKCortexFreq_Value=250000000
RCC.FDCANFreq_Value=25000000
RCC.FamilyName=M
RCC.HCLKFreq_Value=250000000
RCC.HSE_VALUE=25000000
RCC.HSI48_VALUE=48000000
RCC.HSI_VALUE=64000000
RCC.I2C1Freq_Value=250000000
RCC.I2C2Freq_Value=250000000
RCC.I2C3Freq_Value=250000000
RCC.I2C4Freq_Value=250000000
RCC.I3C1Freq_Value=250000000
RCC.IPParameters=ADCFreq_Value,AHBFreq_Value,APB1Freq_Value,APB1TimFreq_Value,APB2Freq_Value,APB2TimFreq_Value,APB3Freq_Value,CECFreq_Value,CKPERFreq_Value,CRSFreq_Value,CSI_VALUE,CortexFreq_Value,DACFreq_Value,EPOD_VALUE,ETHFreq_Value,FCLKCortexFreq_Value,FDCANFreq_Value,FamilyName,HCLKFreq_Value,HSE_VALUE,HSI48_VALUE,HSI_VALUE,I2C1Freq_Value,I2C2Freq_Value,I2C3Freq_Value,I2C4Freq_Value,I3C1Freq_Value,LPTIM1Freq_Value,LPTIM2Freq_Value,LPTIM3Freq_Value,LPTIM4Freq_Value,LPTIM5Freq_Value,LPTIM6Freq_Value,LPUART1Freq_Value,LSCOPinFreq_Value,LSE_VALUE,LSIRC_VALUE,MCO1PinFreq_Value,MCO2PinFreq_Value,OCTOSPIMFreq_Value,PLL2FRACN,PLL2PoutputFreq_Value,PLL2QoutputFreq_Value,PLL2RoutputFreq_Value,PLL3FRACN,PLL3PoutputFreq_Value,PLL3QoutputFreq_Value,PLL3RoutputFreq_Value,PLLFRACN,PLLN,PLLPoutputFreq_Value,PLLQoutputFreq_Value,PWRFreq_Value,RNGFreq_Value,SAI1Freq_Value,SAI2Freq_Value,SDMMC1Freq_Value,SDMMC2Freq_Value,SPI1Freq_Value,SPI2Freq_Value,SPI3Freq_Value,SPI4Freq_Value,SPI5Freq_Value,SPI6Freq_Value,SYSCLKFreq_VALUE,SYSCLKSource,UART12Freq_Value,UART4Freq_Value,UART5Freq_Value,UART7Freq_Value,UART8Freq_Value,UART9Freq_Value,UCPD1outputFreq_Value,USART10Freq_Value,USART11Freq_Value,USART1Freq_Value,USART2Freq_Value,USART3Freq_Value,USART6Freq_Value,USBFreq_Value,VCOInput2Freq_Value,VCOInput3Freq_Value,VCOInputFreq_Value,VCOOutputFreq_Value,VCOPLL2OutputFreq_Value,VCOPLL3OutputFreq_Value
RCC.LPTIM1Freq_Value=250000000
RCC.LPTIM2Freq_Value=250000000
RCC.LPTIM3Freq_Value=250000000
RCC.LPTIM4Freq_Value=250000000
RCC.LPTIM5Freq_Value=250000000
RCC.LPTIM6Freq_Value=250000000
RCC.LPUART1Freq_Value=250000000
RCC.LSCOPinFreq_Value=32000
RCC.LSE_VALUE=32768
RCC.LSIRC_VALUE=32000
RCC.MCO1PinFreq_Value=32000000
RCC.MCO2PinFreq_Value=250000000
RCC.OCTOSPIMFreq_Value=250000000
RCC.PLL2FRACN=0
RCC.PLL2PoutputFreq_Value=258000000
RCC.PLL2QoutputFreq_Value=258000000
RCC.PLL2RoutputFreq_Value=258000000
RCC.PLL3FRACN=0
RCC.PLL3PoutputFreq_Value=258000000
RCC.PLL3QoutputFreq_Value=258000000
RCC.PLL3RoutputFreq_Value=258000000
RCC.PLLFRACN=0
RCC.PLLN=125
RCC.PLLPoutputFreq_Value=250000000
RCC.PLLQoutputFreq_Value=250000000
RCC.PWRFreq_Value=250000000
RCC.RNGFreq_Value=48000000
RCC.SAI1Freq_Value=258000000
RCC.SAI2Freq_Value=258000000
RCC.SDMMC1Freq_Value=250000000
RCC.SDMMC2Freq_Value=250000000
RCC.SPI1Freq_Value=250000000
RCC.SPI2Freq_Value=250000000
RCC.SPI3Freq_Value=250000000
RCC.SPI4Freq_Value=250000000
RCC.SPI5Freq_Value=250000000
RCC.SPI6Freq_Value=250000000
RCC.SYSCLKFreq_VALUE=250000000
RCC.SYSCLKSource=RCC_SYSCLKSOURCE_PLLCLK
RCC.UART12Freq_Value=250000000
RCC.UART4Freq_Value=250000000
RCC.UART5Freq_Value=250000000
RCC.UART7Freq_Value=250000000
RCC.UART8Freq_Value=250000000
RCC.UART9Freq_Value=250000000
RCC.UCPD1outputFreq_Value=8000000
RCC.USART10Freq_Value=250000000
RCC.USART11Freq_Value=250000000
RCC.USART1Freq_Value=250000000
RCC.USART2Freq_Value=250000000
RCC.USART3Freq_Value=250000000
RCC.USART6Freq_Value=250000000
RCC.USBFreq_Value=48000000
RCC.VCOInput2Freq_Value=4000000
RCC.VCOInput3Freq_Value=4000000
RCC.VCOInputFreq_Value=4000000
RCC.VCOOutputFreq_Value=500000000
RCC.VCOPLL2OutputFreq_Value=516000000
RCC.VCOPLL3OutputFreq_Value=516000000
USART3.IPParameters=VirtualMode-Asynchronous
USART3.VirtualMode-Asynchronous=VM_ASYNC
VP_BOOTPATH_VS_BOOTPATH.Mode=BP_Activate
VP_BOOTPATH_VS_BOOTPATH.Signal=BOOTPATH_VS_BOOTPATH
VP_CORTEX_M33_NS_VS_Hclk.Mode=Hclk_Mode
VP_CORTEX_M33_NS_VS_Hclk.Signal=CORTEX_M33_NS_VS_Hclk
VP_Cesanta.I-CUBE-Mongoose_VS_MongooseJjNetworkingOoCore_7.21.7_7.21.7.Mode=MongooseJjNetworkingOoCore
VP_Cesanta.I-CUBE-Mongoose_VS_MongooseJjNetworkingOoCore_7.21.7_7.21.7.Signal=Cesanta.I-CUBE-Mongoose_VS_MongooseJjNetworkingOoCore_7.21.7_7.21.7
VP_Cesanta.I-CUBE-Mongoose_VS_MongooseJjWebOoDeviceOoDashboard_7.21.7_7.21.7.Mode=MongooseJjWebOoDeviceOoDashboard
VP_Cesanta.I-CUBE-Mongoose_VS_MongooseJjWebOoDeviceOoDashboard_7.21.7_7.21.7.Signal=Cesanta.I-CUBE-Mongoose_VS_MongooseJjWebOoDeviceOoDashboard_7.21.7_7.21.7
VP_ICACHE_VS_ICACHE.Mode=DirectMappedCache
VP_ICACHE_VS_ICACHE.Signal=ICACHE_VS_ICACHE
VP_MEMORYMAP_VS_MEMORYMAP.Mode=CurAppReg
VP_MEMORYMAP_VS_MEMORYMAP.Signal=MEMORYMAP_VS_MEMORYMAP
VP_PWR_VS_LPOM.Mode=PowerOptimisation
VP_PWR_VS_LPOM.Signal=PWR_VS_LPOM
VP_PWR_VS_SECSignals.Mode=Security/Privilege
VP_PWR_VS_SECSignals.Signal=PWR_VS_SECSignals
VP_RNG_VS_RNG.Mode=RNG_Activate
VP_RNG_VS_RNG.Signal=RNG_VS_RNG
VP_SYS_VS_Systick.Mode=SysTick
VP_SYS_VS_Systick.Signal=SYS_VS_Systick
board=custom
