#MicroXplorer Configuration settings - do not modify
CAD.formats=
CAD.pinconfig=
CAD.provider=
CORTEX_M7.IPParameters=default_mode_Activation
CORTEX_M7.default_mode_Activation=1
Cesanta.I-CUBE-Mongoose.7.21.5.IPParameters=MongooseJjNetworkingOoCore,MongooseJjWebOoDeviceOoDashboard
Cesanta.I-CUBE-Mongoose.7.21.5.MongooseJjNetworkingOoCore=true
Cesanta.I-CUBE-Mongoose.7.21.5.MongooseJjNetworkingOoCore_Checked=true
Cesanta.I-CUBE-Mongoose.7.21.5.MongooseJjWebOoDeviceOoDashboard=true
Cesanta.I-CUBE-Mongoose.7.21.5.MongooseJjWebOoDeviceOoDashboard_Checked=true
Cesanta.I-CUBE-Mongoose.7.21.5_SwParameter=MongooseJjNetworkingOoCore\:true;MongooseJjWebOoDeviceOoDashboard\:true;MongooseJjMQTTOoClient\:true;
ETH.IPParameters=MediaInterface
ETH.MediaInterface=HAL_ETH_RMII_MODE
File.Version=6
GPIO.groupedBy=
KeepUserPlacement=false
MMTAppRegionsCount=0
MMTConfigApplied=false
MMTSectionSuffix=
Mcu.CPN=STM32H723ZGT6
Mcu.Family=STM32H7
Mcu.IP0=CORTEX_M7
Mcu.IP1=ETH
Mcu.IP2=MEMORYMAP
Mcu.IP3=NVIC
Mcu.IP4=RCC
Mcu.IP5=RNG
Mcu.IP6=SYS
Mcu.IP7=USART3
Mcu.IPNb=8
Mcu.Name=STM32H723ZGTx
Mcu.Package=LQFP144
Mcu.Pin0=PC1
Mcu.Pin1=PA1
Mcu.Pin10=PD9
Mcu.Pin11=PG11
Mcu.Pin12=PG13
Mcu.Pin13=PE1
Mcu.Pin14=VP_RNG_VS_RNG
Mcu.Pin15=VP_SYS_VS_Systick
Mcu.Pin16=VP_MEMORYMAP_VS_MEMORYMAP
Mcu.Pin17=VP_Cesanta.I-CUBE-Mongoose_VS_MongooseJjNetworkingOoCore_7.21.5_7.21.5
Mcu.Pin18=VP_Cesanta.I-CUBE-Mongoose_VS_MongooseJjWebOoDeviceOoDashboard_7.21.5_7.21.5
Mcu.Pin2=PA2
Mcu.Pin3=PA7
Mcu.Pin4=PC4
Mcu.Pin5=PC5
Mcu.Pin6=PB0
Mcu.Pin7=PB13
Mcu.Pin8=PB14
Mcu.Pin9=PD8
Mcu.PinsNb=19
Mcu.ThirdParty0=Cesanta.I-CUBE-Mongoose.7.21.5
Mcu.ThirdPartyNb=1
Mcu.UserConstants=
Mcu.UserName=STM32H723ZGTx
MxCube.Version=6.17.0
MxDb.Version=DB.6.0.170
NVIC.BusFault_IRQn=true\:0\:0\:false\:false\:true\:false\:false\:false
NVIC.DebugMonitor_IRQn=true\:0\:0\:false\:false\:true\:false\:false\:false
NVIC.ForceEnableDMAVector=true
NVIC.HardFault_IRQn=true\:0\:0\:false\:false\:true\:false\:false\:false
NVIC.MemoryManagement_IRQn=true\:0\:0\:false\:false\:true\:false\:false\:false
NVIC.NonMaskableInt_IRQn=true\:0\:0\:false\:false\:true\:false\:false\:false
NVIC.PendSV_IRQn=true\:0\:0\:false\:false\:true\:false\:false\:false
NVIC.PriorityGroup=NVIC_PRIORITYGROUP_4
NVIC.SVCall_IRQn=true\:0\:0\:false\:false\:true\:false\:false\:false
NVIC.SysTick_IRQn=true\:15\:0\:false\:false\:true\:false\:true\:false
NVIC.UsageFault_IRQn=true\:0\:0\:false\:false\:true\:false\:false\:false
PA1.Mode=RMII
PA1.Signal=ETH_REF_CLK
PA2.Mode=RMII
PA2.Signal=ETH_MDIO
PA7.Mode=RMII
PA7.Signal=ETH_CRS_DV
PB0.Locked=true
PB0.Signal=GPIO_Output
PB13.Mode=RMII
PB13.Signal=ETH_TXD1
PB14.Locked=true
PB14.Signal=GPIO_Output
PC1.Mode=RMII
PC1.Signal=ETH_MDC
PC4.Mode=RMII
PC4.Signal=ETH_RXD0
PC5.Mode=RMII
PC5.Signal=ETH_RXD1
PD8.Locked=true
PD8.Mode=Asynchronous
PD8.Signal=USART3_TX
PD9.Locked=true
PD9.Mode=Asynchronous
PD9.Signal=USART3_RX
PE1.Locked=true
PE1.Signal=GPIO_Output
PG11.Locked=true
PG11.Mode=RMII
PG11.Signal=ETH_TX_EN
PG13.Locked=true
PG13.Mode=RMII
PG13.Signal=ETH_TXD0
PinOutPanel.RotationAngle=0
ProjectManager.AskForMigrate=true
ProjectManager.BackupPrevious=false
ProjectManager.CompilerLinker=GCC
ProjectManager.CompilerOptimize=6
ProjectManager.ComputerToolchain=false
ProjectManager.CoupleFile=false
ProjectManager.CustomerFirmwarePackage=
ProjectManager.DefaultFWLocation=true
ProjectManager.DeletePrevious=true
ProjectManager.DeviceId=STM32H723ZGTx
ProjectManager.FirmwarePackage=STM32Cube FW_H7 V1.13.0
ProjectManager.FreePins=false
ProjectManager.FreePinsContext=
ProjectManager.HalAssertFull=false
ProjectManager.HeapSize=0x10000
ProjectManager.KeepUserCode=true
ProjectManager.LastFirmware=true
ProjectManager.LibraryCopy=1
ProjectManager.MainLocation=Core/Src
ProjectManager.NoMain=false
ProjectManager.PreviousToolchain=
ProjectManager.ProjectBuild=false
ProjectManager.ProjectFileName=h723.ioc
ProjectManager.ProjectName=h723
ProjectManager.ProjectStructure=
ProjectManager.RegisterCallBack=
ProjectManager.StackSize=0x2000
ProjectManager.TargetToolchain=CMake
ProjectManager.ToolChainLocation=
ProjectManager.UAScriptAfterPath=
ProjectManager.UAScriptBeforePath=
ProjectManager.UnderRoot=false
ProjectManager.functionlistsort=1-SystemClock_Config-RCC-false-HAL-false,2-MX_GPIO_Init-GPIO-false-HAL-true,3-MX_ETH_Init-ETH-false-HAL-true,4-MX_RNG_Init-RNG-false-HAL-true,5-MX_USART3_UART_Init-USART3-false-HAL-true,0-MX_CORTEX_M7_Init-CORTEX_M7-false-HAL-true
RCC.ADCFreq_Value=129000000
RCC.AHB12Freq_Value=275000000
RCC.AHB4Freq_Value=275000000
RCC.APB1Freq_Value=137500000
RCC.APB2Freq_Value=137500000
RCC.APB3Freq_Value=137500000
RCC.APB4Freq_Value=137500000
RCC.AXIClockFreq_Value=275000000
RCC.CECFreq_Value=32000
RCC.CKPERFreq_Value=64000000
RCC.CortexFreq_Value=550000000
RCC.CpuClockFreq_Value=550000000
RCC.D1CPREFreq_Value=550000000
RCC.D1PPRE=RCC_APB3_DIV2
RCC.D2PPRE1=RCC_APB1_DIV2
RCC.D2PPRE2=RCC_APB2_DIV2
RCC.D3PPRE=RCC_APB4_DIV2
RCC.DFSDMACLkFreq_Value=275000000
RCC.DFSDMFreq_Value=137500000
RCC.DIVM1=4
RCC.DIVN1=34
RCC.DIVP1=1
RCC.DIVP1Freq_Value=550000000
RCC.DIVP2Freq_Value=129000000
RCC.DIVP3Freq_Value=129000000
RCC.DIVQ1Freq_Value=275000000
RCC.DIVQ2Freq_Value=129000000
RCC.DIVQ3Freq_Value=129000000
RCC.DIVR1Freq_Value=275000000
RCC.DIVR2Freq_Value=129000000
RCC.DIVR3Freq_Value=129000000
RCC.FDCANFreq_Value=275000000
RCC.FMCFreq_Value=275000000
RCC.FamilyName=M
RCC.HCLK3ClockFreq_Value=275000000
RCC.HCLKFreq_Value=275000000
RCC.HPRE=RCC_HCLK_DIV2
RCC.I2C123Freq_Value=137500000
RCC.I2C4Freq_Value=137500000
RCC.IPParameters=ADCFreq_Value,AHB12Freq_Value,AHB4Freq_Value,APB1Freq_Value,APB2Freq_Value,APB3Freq_Value,APB4Freq_Value,AXIClockFreq_Value,CECFreq_Value,CKPERFreq_Value,CortexFreq_Value,CpuClockFreq_Value,D1CPREFreq_Value,D1PPRE,D2PPRE1,D2PPRE2,D3PPRE,DFSDMACLkFreq_Value,DFSDMFreq_Value,DIVM1,DIVN1,DIVP1,DIVP1Freq_Value,DIVP2Freq_Value,DIVP3Freq_Value,DIVQ1Freq_Value,DIVQ2Freq_Value,DIVQ3Freq_Value,DIVR1Freq_Value,DIVR2Freq_Value,DIVR3Freq_Value,FDCANFreq_Value,FMCFreq_Value,FamilyName,HCLK3ClockFreq_Value,HCLKFreq_Value,HPRE,I2C123Freq_Value,I2C4Freq_Value,LPTIM1Freq_Value,LPTIM2Freq_Value,LPTIM345Freq_Value,LPUART1Freq_Value,LTDCFreq_Value,MCO1PinFreq_Value,MCO2PinFreq_Value,PLL2FRACN,PLL3FRACN,PLLFRACN,QSPIFreq_Value,RNGFreq_Value,RTCFreq_Value,SAI1Freq_Value,SAI4AFreq_Value,SAI4BFreq_Value,SDMMCFreq_Value,SPDIFRXFreq_Value,SPI123Freq_Value,SPI45Freq_Value,SPI6Freq_Value,SWPMI1Freq_Value,SYSCLKFreq_VALUE,SYSCLKSource,Tim1OutputFreq_Value,Tim2OutputFreq_Value,TraceFreq_Value,USART16Freq_Value,USART234578Freq_Value,USBFreq_Value,VCO1OutputFreq_Value,VCO2OutputFreq_Value,VCO3OutputFreq_Value,VCOInput1Freq_Value,VCOInput2Freq_Value,VCOInput3Freq_Value
RCC.LPTIM1Freq_Value=137500000
RCC.LPTIM2Freq_Value=137500000
RCC.LPTIM345Freq_Value=137500000
RCC.LPUART1Freq_Value=137500000
RCC.LTDCFreq_Value=129000000
RCC.MCO1PinFreq_Value=64000000
RCC.MCO2PinFreq_Value=550000000
RCC.PLL2FRACN=0
RCC.PLL3FRACN=0
RCC.PLLFRACN=3072
RCC.QSPIFreq_Value=275000000
RCC.RNGFreq_Value=48000000
RCC.RTCFreq_Value=32000
RCC.SAI1Freq_Value=275000000
RCC.SAI4AFreq_Value=275000000
RCC.SAI4BFreq_Value=275000000
RCC.SDMMCFreq_Value=275000000
RCC.SPDIFRXFreq_Value=275000000
RCC.SPI123Freq_Value=275000000
RCC.SPI45Freq_Value=137500000
RCC.SPI6Freq_Value=137500000
RCC.SWPMI1Freq_Value=137500000
RCC.SYSCLKFreq_VALUE=550000000
RCC.SYSCLKSource=RCC_SYSCLKSOURCE_PLLCLK
RCC.Tim1OutputFreq_Value=275000000
RCC.Tim2OutputFreq_Value=275000000
RCC.TraceFreq_Value=64000000
RCC.USART16Freq_Value=137500000
RCC.USART234578Freq_Value=137500000
RCC.USBFreq_Value=275000000
RCC.VCO1OutputFreq_Value=550000000
RCC.VCO2OutputFreq_Value=258000000
RCC.VCO3OutputFreq_Value=258000000
RCC.VCOInput1Freq_Value=16000000
RCC.VCOInput2Freq_Value=2000000
RCC.VCOInput3Freq_Value=2000000
USART3.IPParameters=VirtualMode-Asynchronous
USART3.VirtualMode-Asynchronous=VM_ASYNC
VP_Cesanta.I-CUBE-Mongoose_VS_MongooseJjNetworkingOoCore_7.21.5_7.21.5.Mode=MongooseJjNetworkingOoCore
VP_Cesanta.I-CUBE-Mongoose_VS_MongooseJjNetworkingOoCore_7.21.5_7.21.5.Signal=Cesanta.I-CUBE-Mongoose_VS_MongooseJjNetworkingOoCore_7.21.5_7.21.5
VP_Cesanta.I-CUBE-Mongoose_VS_MongooseJjWebOoDeviceOoDashboard_7.21.5_7.21.5.Mode=MongooseJjWebOoDeviceOoDashboard
VP_Cesanta.I-CUBE-Mongoose_VS_MongooseJjWebOoDeviceOoDashboard_7.21.5_7.21.5.Signal=Cesanta.I-CUBE-Mongoose_VS_MongooseJjWebOoDeviceOoDashboard_7.21.5_7.21.5
VP_MEMORYMAP_VS_MEMORYMAP.Mode=CurAppReg
VP_MEMORYMAP_VS_MEMORYMAP.Signal=MEMORYMAP_VS_MEMORYMAP
VP_RNG_VS_RNG.Mode=RNG_Activate
VP_RNG_VS_RNG.Signal=RNG_VS_RNG
VP_SYS_VS_Systick.Mode=SysTick
VP_SYS_VS_Systick.Signal=SYS_VS_Systick
board=custom
